// !$*UTF8*$!
{
	archiveVersion = 1;
	classes = {
	};
	objectVersion = 50;
	objects = {

/* Begin PBXBuildFile section */
		CBB83BFC26FE7FB500853C9E /* Tests_iOS.swift in Sources */ = {isa = PBXBuildFile; fileRef = CBB83BFB26FE7FB500853C9E /* Tests_iOS.swift */; };
		CBB83C0726FE7FB500853C9E /* Tests_macOS.swift in Sources */ = {isa = PBXBuildFile; fileRef = CBB83C0626FE7FB500853C9E /* Tests_macOS.swift */; };
		CBB83C0926FE7FB500853C9E /* LandmarksApp.swift in Sources */ = {isa = PBXBuildFile; fileRef = CBB83BE026FE7FB300853C9E /* LandmarksApp.swift */; };
		CBB83C0A26FE7FB500853C9E /* LandmarksApp.swift in Sources */ = {isa = PBXBuildFile; fileRef = CBB83BE026FE7FB300853C9E /* LandmarksApp.swift */; };
		CBB83C0B26FE7FB500853C9E /* ContentView.swift in Sources */ = {isa = PBXBuildFile; fileRef = CBB83BE126FE7FB300853C9E /* ContentView.swift */; };
		CBB83C0C26FE7FB500853C9E /* ContentView.swift in Sources */ = {isa = PBXBuildFile; fileRef = CBB83BE126FE7FB300853C9E /* ContentView.swift */; };
		CBB83C0D26FE7FB500853C9E /* Assets.xcassets in Resources */ = {isa = PBXBuildFile; fileRef = CBB83BE226FE7FB500853C9E /* Assets.xcassets */; };
		CBB83C0E26FE7FB500853C9E /* Assets.xcassets in Resources */ = {isa = PBXBuildFile; fileRef = CBB83BE226FE7FB500853C9E /* Assets.xcassets */; };
		CBB83C2126FE839A00853C9E /* CircleImage.swift in Sources */ = {isa = PBXBuildFile; fileRef = CBB83C2026FE839A00853C9E /* CircleImage.swift */; };
		CBB83C2226FE839A00853C9E /* CircleImage.swift in Sources */ = {isa = PBXBuildFile; fileRef = CBB83C2026FE839A00853C9E /* CircleImage.swift */; };
		CBB83C2426FE840500853C9E /* MapView.swift in Sources */ = {isa = PBXBuildFile; fileRef = CBB83C2326FE840500853C9E /* MapView.swift */; };
		CBB83C2526FE840500853C9E /* MapView.swift in Sources */ = {isa = PBXBuildFile; fileRef = CBB83C2326FE840500853C9E /* MapView.swift */; };
		CBB83C2726FE862100853C9E /* landmarkData.json in Resources */ = {isa = PBXBuildFile; fileRef = CBB83C2626FE862100853C9E /* landmarkData.json */; };
		CBB83C2926FE87D400853C9E /* Landmark.swift in Sources */ = {isa = PBXBuildFile; fileRef = CBB83C2826FE87D400853C9E /* Landmark.swift */; };
		CBB83C2A26FE87DA00853C9E /* Landmark.swift in Sources */ = {isa = PBXBuildFile; fileRef = CBB83C2826FE87D400853C9E /* Landmark.swift */; };
		CBB83C2B26FE87E000853C9E /* landmarkData.json in Resources */ = {isa = PBXBuildFile; fileRef = CBB83C2626FE862100853C9E /* landmarkData.json */; };
		CBB83C2D26FE888C00853C9E /* ModelData.swift in Sources */ = {isa = PBXBuildFile; fileRef = CBB83C2C26FE888C00853C9E /* ModelData.swift */; };
		CBB83C2E26FE888C00853C9E /* ModelData.swift in Sources */ = {isa = PBXBuildFile; fileRef = CBB83C2C26FE888C00853C9E /* ModelData.swift */; };
		CBB83C3326FE890700853C9E /* LandmarkRow.swift in Sources */ = {isa = PBXBuildFile; fileRef = CBB83C3226FE890700853C9E /* LandmarkRow.swift */; };
		CBB83C3426FE890700853C9E /* LandmarkRow.swift in Sources */ = {isa = PBXBuildFile; fileRef = CBB83C3226FE890700853C9E /* LandmarkRow.swift */; };
		CBB83C3626FE89E800853C9E /* LandmarkList.swift in Sources */ = {isa = PBXBuildFile; fileRef = CBB83C3526FE89E800853C9E /* LandmarkList.swift */; };
		CBB83C3726FE89E800853C9E /* LandmarkList.swift in Sources */ = {isa = PBXBuildFile; fileRef = CBB83C3526FE89E800853C9E /* LandmarkList.swift */; };
		CBB83C3926FE8A7800853C9E /* LandmarkDetail.swift in Sources */ = {isa = PBXBuildFile; fileRef = CBB83C3826FE8A7800853C9E /* LandmarkDetail.swift */; };
		CBB83C3A26FE8A7800853C9E /* LandmarkDetail.swift in Sources */ = {isa = PBXBuildFile; fileRef = CBB83C3826FE8A7800853C9E /* LandmarkDetail.swift */; };
		CBB83C3C26FE92D900853C9E /* FavoriteButton.swift in Sources */ = {isa = PBXBuildFile; fileRef = CBB83C3B26FE92D900853C9E /* FavoriteButton.swift */; };
		CBB83C3D26FE92D900853C9E /* FavoriteButton.swift in Sources */ = {isa = PBXBuildFile; fileRef = CBB83C3B26FE92D900853C9E /* FavoriteButton.swift */; };
		CBB83C4126FF7CB900853C9E /* HexagonParameters.swift in Sources */ = {isa = PBXBuildFile; fileRef = CBB83C4026FF7CB900853C9E /* HexagonParameters.swift */; };
		CBB83C4226FF7CB900853C9E /* HexagonParameters.swift in Sources */ = {isa = PBXBuildFile; fileRef = CBB83C4026FF7CB900853C9E /* HexagonParameters.swift */; };
		CBB83C4426FF7D5E00853C9E /* BadgeBackground.swift in Sources */ = {isa = PBXBuildFile; fileRef = CBB83C4326FF7D5E00853C9E /* BadgeBackground.swift */; };
		CBB83C4526FF7D5E00853C9E /* BadgeBackground.swift in Sources */ = {isa = PBXBuildFile; fileRef = CBB83C4326FF7D5E00853C9E /* BadgeBackground.swift */; };
		CBB83C4A26FF7FAD00853C9E /* BadgeSymbol.swift in Sources */ = {isa = PBXBuildFile; fileRef = CBB83C4926FF7FAD00853C9E /* BadgeSymbol.swift */; };
		CBB83C4B26FF7FAD00853C9E /* BadgeSymbol.swift in Sources */ = {isa = PBXBuildFile; fileRef = CBB83C4926FF7FAD00853C9E /* BadgeSymbol.swift */; };
		CBB83C4D26FF800100853C9E /* RotatedBadgeSymbol.swift in Sources */ = {isa = PBXBuildFile; fileRef = CBB83C4C26FF800100853C9E /* RotatedBadgeSymbol.swift */; };
		CBB83C4E26FF800100853C9E /* RotatedBadgeSymbol.swift in Sources */ = {isa = PBXBuildFile; fileRef = CBB83C4C26FF800100853C9E /* RotatedBadgeSymbol.swift */; };
		CBB83C502700DFE200853C9E /* Badge.swift in Sources */ = {isa = PBXBuildFile; fileRef = CBB83C4F2700DFE200853C9E /* Badge.swift */; };
		CBB83C512700DFE200853C9E /* Badge.swift in Sources */ = {isa = PBXBuildFile; fileRef = CBB83C4F2700DFE200853C9E /* Badge.swift */; };
		CBB83C542700E0FD00853C9E /* hikeData.json in Resources */ = {isa = PBXBuildFile; fileRef = CBB83C532700E0FD00853C9E /* hikeData.json */; };
		CBB83C552700E0FD00853C9E /* hikeData.json in Resources */ = {isa = PBXBuildFile; fileRef = CBB83C532700E0FD00853C9E /* hikeData.json */; };
		CBB83C572700E10F00853C9E /* Hike.swift in Sources */ = {isa = PBXBuildFile; fileRef = CBB83C562700E10F00853C9E /* Hike.swift */; };
		CBB83C582700E10F00853C9E /* Hike.swift in Sources */ = {isa = PBXBuildFile; fileRef = CBB83C562700E10F00853C9E /* Hike.swift */; };
		CBB83C612700E15F00853C9E /* GraphCapsule.swift in Sources */ = {isa = PBXBuildFile; fileRef = CBB83C5D2700E15F00853C9E /* GraphCapsule.swift */; };
		CBB83C622700E15F00853C9E /* GraphCapsule.swift in Sources */ = {isa = PBXBuildFile; fileRef = CBB83C5D2700E15F00853C9E /* GraphCapsule.swift */; };
		CBB83C632700E15F00853C9E /* HikeGraph.swift in Sources */ = {isa = PBXBuildFile; fileRef = CBB83C5E2700E15F00853C9E /* HikeGraph.swift */; };
		CBB83C642700E15F00853C9E /* HikeGraph.swift in Sources */ = {isa = PBXBuildFile; fileRef = CBB83C5E2700E15F00853C9E /* HikeGraph.swift */; };
		CBB83C652700E15F00853C9E /* HikeDetail.swift in Sources */ = {isa = PBXBuildFile; fileRef = CBB83C5F2700E15F00853C9E /* HikeDetail.swift */; };
		CBB83C662700E15F00853C9E /* HikeDetail.swift in Sources */ = {isa = PBXBuildFile; fileRef = CBB83C5F2700E15F00853C9E /* HikeDetail.swift */; };
		CBB83C6D2700E62700853C9E /* HikeView.swift in Sources */ = {isa = PBXBuildFile; fileRef = CBB83C6C2700E62700853C9E /* HikeView.swift */; };
		CBB83C6E2700E62700853C9E /* HikeView.swift in Sources */ = {isa = PBXBuildFile; fileRef = CBB83C6C2700E62700853C9E /* HikeView.swift */; };
		CBB83C742700E6E500853C9E /* CategoryHome.swift in Sources */ = {isa = PBXBuildFile; fileRef = CBB83C732700E6E500853C9E /* CategoryHome.swift */; };
		CBB83C752700E6E500853C9E /* CategoryHome.swift in Sources */ = {isa = PBXBuildFile; fileRef = CBB83C732700E6E500853C9E /* CategoryHome.swift */; };
		CBB83C772700E89F00853C9E /* CategoryRow.swift in Sources */ = {isa = PBXBuildFile; fileRef = CBB83C762700E89F00853C9E /* CategoryRow.swift */; };
		CBB83C782700E89F00853C9E /* CategoryRow.swift in Sources */ = {isa = PBXBuildFile; fileRef = CBB83C762700E89F00853C9E /* CategoryRow.swift */; };
		CBB83C7A2700E94200853C9E /* CategoryItem.swift in Sources */ = {isa = PBXBuildFile; fileRef = CBB83C792700E94200853C9E /* CategoryItem.swift */; };
		CBB83C7B2700E94200853C9E /* CategoryItem.swift in Sources */ = {isa = PBXBuildFile; fileRef = CBB83C792700E94200853C9E /* CategoryItem.swift */; };
		CBB83C7D2700EC3100853C9E /* Profile.swift in Sources */ = {isa = PBXBuildFile; fileRef = CBB83C7C2700EC3100853C9E /* Profile.swift */; };
		CBB83C7E2700EC3100853C9E /* Profile.swift in Sources */ = {isa = PBXBuildFile; fileRef = CBB83C7C2700EC3100853C9E /* Profile.swift */; };
		CBB83C812700EC5E00853C9E /* ProfileHost.swift in Sources */ = {isa = PBXBuildFile; fileRef = CBB83C802700EC5E00853C9E /* ProfileHost.swift */; };
		CBB83C822700EC5E00853C9E /* ProfileHost.swift in Sources */ = {isa = PBXBuildFile; fileRef = CBB83C802700EC5E00853C9E /* ProfileHost.swift */; };
		CBB83C842700EC9100853C9E /* ProfileSummary.swift in Sources */ = {isa = PBXBuildFile; fileRef = CBB83C832700EC9100853C9E /* ProfileSummary.swift */; };
		CBB83C852700EC9100853C9E /* ProfileSummary.swift in Sources */ = {isa = PBXBuildFile; fileRef = CBB83C832700EC9100853C9E /* ProfileSummary.swift */; };
		CBB83C8A2700ED1300853C9E /* HikeBadge.swift in Sources */ = {isa = PBXBuildFile; fileRef = CBB83C892700ED1300853C9E /* HikeBadge.swift */; };
		CBB83C8B2700ED1300853C9E /* HikeBadge.swift in Sources */ = {isa = PBXBuildFile; fileRef = CBB83C892700ED1300853C9E /* HikeBadge.swift */; };
		CBB83C8D2700EFAE00853C9E /* ProfileEditor.swift in Sources */ = {isa = PBXBuildFile; fileRef = CBB83C8C2700EFAE00853C9E /* ProfileEditor.swift */; };
		CBB83C8E2700EFAE00853C9E /* ProfileEditor.swift in Sources */ = {isa = PBXBuildFile; fileRef = CBB83C8C2700EFAE00853C9E /* ProfileEditor.swift */; };
		CBB83C912700F11200853C9E /* PageViewController.swift in Sources */ = {isa = PBXBuildFile; fileRef = CBB83C902700F11200853C9E /* PageViewController.swift */; };
		CBB83C922700F11200853C9E /* PageViewController.swift in Sources */ = {isa = PBXBuildFile; fileRef = CBB83C902700F11200853C9E /* PageViewController.swift */; };
		CBB83C942700F19C00853C9E /* FeatureCard.swift in Sources */ = {isa = PBXBuildFile; fileRef = CBB83C932700F19C00853C9E /* FeatureCard.swift */; };
		CBB83C952700F19C00853C9E /* FeatureCard.swift in Sources */ = {isa = PBXBuildFile; fileRef = CBB83C932700F19C00853C9E /* FeatureCard.swift */; };
		CBB83C972700F1EF00853C9E /* PageView.swift in Sources */ = {isa = PBXBuildFile; fileRef = CBB83C962700F1EF00853C9E /* PageView.swift */; };
		CBB83C982700F1EF00853C9E /* PageView.swift in Sources */ = {isa = PBXBuildFile; fileRef = CBB83C962700F1EF00853C9E /* PageView.swift */; };
		CBB83C9A2700F3C300853C9E /* PageControl.swift in Sources */ = {isa = PBXBuildFile; fileRef = CBB83C992700F3C300853C9E /* PageControl.swift */; };
		CBB83C9B2700F3C300853C9E /* PageControl.swift in Sources */ = {isa = PBXBuildFile; fileRef = CBB83C992700F3C300853C9E /* PageControl.swift */; };
		CBB83CA12700F4CE00853C9E /* Assets.xcassets in Resources */ = {isa = PBXBuildFile; fileRef = CBB83CA02700F4CE00853C9E /* Assets.xcassets */; };
		CBB83CA82700F4CE00853C9E /* WatchLandmarks Extension.appex in Embed App Extensions */ = {isa = PBXBuildFile; fileRef = CBB83CA72700F4CE00853C9E /* WatchLandmarks Extension.appex */; settings = {ATTRIBUTES = (RemoveHeadersOnCopy, ); }; };
		CBB83CAF2700F4CE00853C9E /* ContentView.swift in Sources */ = {isa = PBXBuildFile; fileRef = CBB83CAE2700F4CE00853C9E /* ContentView.swift */; };
		CBB83CB12700F4CE00853C9E /* NotificationController.swift in Sources */ = {isa = PBXBuildFile; fileRef = CBB83CB02700F4CE00853C9E /* NotificationController.swift */; };
		CBB83CB32700F4CE00853C9E /* NotificationView.swift in Sources */ = {isa = PBXBuildFile; fileRef = CBB83CB22700F4CE00853C9E /* NotificationView.swift */; };
		CBB83CB52700F4CE00853C9E /* ComplicationController.swift in Sources */ = {isa = PBXBuildFile; fileRef = CBB83CB42700F4CE00853C9E /* ComplicationController.swift */; };
		CBB83CB72700F4CF00853C9E /* Assets.xcassets in Resources */ = {isa = PBXBuildFile; fileRef = CBB83CB62700F4CF00853C9E /* Assets.xcassets */; };
		CBB83CBA2700F4CF00853C9E /* Preview Assets.xcassets in Resources */ = {isa = PBXBuildFile; fileRef = CBB83CB92700F4CF00853C9E /* Preview Assets.xcassets */; };
		CBB83CC62700F4CF00853C9E /* WatchLandmarksTests.swift in Sources */ = {isa = PBXBuildFile; fileRef = CBB83CC52700F4CF00853C9E /* WatchLandmarksTests.swift */; };
		CBB83CD12700F4CF00853C9E /* WatchLandmarksUITests.swift in Sources */ = {isa = PBXBuildFile; fileRef = CBB83CD02700F4CF00853C9E /* WatchLandmarksUITests.swift */; };
		CBB83CD52700F4CF00853C9E /* WatchLandmarks.app in Embed Watch Content */ = {isa = PBXBuildFile; fileRef = CBB83C9E2700F4CB00853C9E /* WatchLandmarks.app */; settings = {ATTRIBUTES = (RemoveHeadersOnCopy, ); }; };
		CBB83CE42700F5A700853C9E /* CircleImage.swift in Sources */ = {isa = PBXBuildFile; fileRef = CBB83C2026FE839A00853C9E /* CircleImage.swift */; };
		CBB83CE52700F5A700853C9E /* ModelData.swift in Sources */ = {isa = PBXBuildFile; fileRef = CBB83C2C26FE888C00853C9E /* ModelData.swift */; };
		CBB83CE62700F5A700853C9E /* Landmark.swift in Sources */ = {isa = PBXBuildFile; fileRef = CBB83C2826FE87D400853C9E /* Landmark.swift */; };
		CBB83CE72700F5A700853C9E /* Assets.xcassets in Resources */ = {isa = PBXBuildFile; fileRef = CBB83BE226FE7FB500853C9E /* Assets.xcassets */; };
		CBB83CE82700F5A700853C9E /* Profile.swift in Sources */ = {isa = PBXBuildFile; fileRef = CBB83C7C2700EC3100853C9E /* Profile.swift */; };
		CBB83CE92700F5A700853C9E /* hikeData.json in Resources */ = {isa = PBXBuildFile; fileRef = CBB83C532700E0FD00853C9E /* hikeData.json */; };
		CBB83CEB2700F5A700853C9E /* Hike.swift in Sources */ = {isa = PBXBuildFile; fileRef = CBB83C562700E10F00853C9E /* Hike.swift */; };
		CBB83CEC2700F5A700853C9E /* MapView.swift in Sources */ = {isa = PBXBuildFile; fileRef = CBB83C2326FE840500853C9E /* MapView.swift */; };
		CBB83CED2700F5A700853C9E /* LandmarkRow.swift in Sources */ = {isa = PBXBuildFile; fileRef = CBB83C3226FE890700853C9E /* LandmarkRow.swift */; };
		CBB83CEE2700F5A700853C9E /* landmarkData.json in Resources */ = {isa = PBXBuildFile; fileRef = CBB83C2626FE862100853C9E /* landmarkData.json */; };
		CBB83CEF2700F5A700853C9E /* LandmarksApp.swift in Sources */ = {isa = PBXBuildFile; fileRef = CBB83BE026FE7FB300853C9E /* LandmarksApp.swift */; };
		CBB83CF12700F5DB00853C9E /* LandmarkDetail.swift in Sources */ = {isa = PBXBuildFile; fileRef = CBB83CF02700F5DB00853C9E /* LandmarkDetail.swift */; };
		CBB83CFB2700FC0300853C9E /* ContentView.swift in Sources */ = {isa = PBXBuildFile; fileRef = CBB83CFA2700FC0300853C9E /* ContentView.swift */; };
		CBB83CFD2700FC1700853C9E /* Assets.xcassets in Resources */ = {isa = PBXBuildFile; fileRef = CBB83CFC2700FC1700853C9E /* Assets.xcassets */; };
		CBB83D002700FC1700853C9E /* Preview Assets.xcassets in Resources */ = {isa = PBXBuildFile; fileRef = CBB83CFF2700FC1700853C9E /* Preview Assets.xcassets */; };
		CBB83D0C2700FC1800853C9E /* MacLandmarksTests.swift in Sources */ = {isa = PBXBuildFile; fileRef = CBB83D0B2700FC1800853C9E /* MacLandmarksTests.swift */; };
		CBB83D172700FC1800853C9E /* MacLandmarksUITests.swift in Sources */ = {isa = PBXBuildFile; fileRef = CBB83D162700FC1800853C9E /* MacLandmarksUITests.swift */; };
		CBB83D222700FC6900853C9E /* CircleImage.swift in Sources */ = {isa = PBXBuildFile; fileRef = CBB83C2026FE839A00853C9E /* CircleImage.swift */; };
		CBB83D232700FC6900853C9E /* landmarkData.json in Resources */ = {isa = PBXBuildFile; fileRef = CBB83C2626FE862100853C9E /* landmarkData.json */; };
		CBB83D242700FC6900853C9E /* Hike.swift in Sources */ = {isa = PBXBuildFile; fileRef = CBB83C562700E10F00853C9E /* Hike.swift */; };
		CBB83D252700FC6900853C9E /* LandmarksApp.swift in Sources */ = {isa = PBXBuildFile; fileRef = CBB83BE026FE7FB300853C9E /* LandmarksApp.swift */; };
		CBB83D262700FC6900853C9E /* Landmark.swift in Sources */ = {isa = PBXBuildFile; fileRef = CBB83C2826FE87D400853C9E /* Landmark.swift */; };
		CBB83D272700FC6900853C9E /* Profile.swift in Sources */ = {isa = PBXBuildFile; fileRef = CBB83C7C2700EC3100853C9E /* Profile.swift */; };
		CBB83D282700FC6900853C9E /* hikeData.json in Resources */ = {isa = PBXBuildFile; fileRef = CBB83C532700E0FD00853C9E /* hikeData.json */; };
		CBB83D292700FC6900853C9E /* LandmarkList.swift in Sources */ = {isa = PBXBuildFile; fileRef = CBB83C3526FE89E800853C9E /* LandmarkList.swift */; };
		CBB83D2A2700FC6900853C9E /* ModelData.swift in Sources */ = {isa = PBXBuildFile; fileRef = CBB83C2C26FE888C00853C9E /* ModelData.swift */; };
		CBB83D2B2700FC6900853C9E /* FavoriteButton.swift in Sources */ = {isa = PBXBuildFile; fileRef = CBB83C3B26FE92D900853C9E /* FavoriteButton.swift */; };
		CBB83D2C2700FC6900853C9E /* LandmarkRow.swift in Sources */ = {isa = PBXBuildFile; fileRef = CBB83C3226FE890700853C9E /* LandmarkRow.swift */; };
		CBB83D2D2700FC6900853C9E /* Assets.xcassets in Resources */ = {isa = PBXBuildFile; fileRef = CBB83BE226FE7FB500853C9E /* Assets.xcassets */; };
		CBB83D2E2700FC6900853C9E /* MapView.swift in Sources */ = {isa = PBXBuildFile; fileRef = CBB83C2326FE840500853C9E /* MapView.swift */; };
		CBB83D302700FCAE00853C9E /* LandmarkDetail.swift in Sources */ = {isa = PBXBuildFile; fileRef = CBB83D2F2700FCAE00853C9E /* LandmarkDetail.swift */; };
		CBB83D322700FE0400853C9E /* LandmarkList.swift in Sources */ = {isa = PBXBuildFile; fileRef = CBB83D312700FE0400853C9E /* LandmarkList.swift */; };
		CBB83D342700FF6D00853C9E /* LandmarkCommands.swift in Sources */ = {isa = PBXBuildFile; fileRef = CBB83D332700FF6D00853C9E /* LandmarkCommands.swift */; };
		CBB83D352700FF6D00853C9E /* LandmarkCommands.swift in Sources */ = {isa = PBXBuildFile; fileRef = CBB83D332700FF6D00853C9E /* LandmarkCommands.swift */; };
		CBB83D362700FF6D00853C9E /* LandmarkCommands.swift in Sources */ = {isa = PBXBuildFile; fileRef = CBB83D332700FF6D00853C9E /* LandmarkCommands.swift */; };
		CBB83D372700FF6D00853C9E /* LandmarkCommands.swift in Sources */ = {isa = PBXBuildFile; fileRef = CBB83D332700FF6D00853C9E /* LandmarkCommands.swift */; };
		CBB83D392703DCC200853C9E /* LandmarkSettings.swift in Sources */ = {isa = PBXBuildFile; fileRef = CBB83D382703DCC100853C9E /* LandmarkSettings.swift */; };
/* End PBXBuildFile section */

/* Begin PBXContainerItemProxy section */
		CBB83BF826FE7FB500853C9E /* PBXContainerItemProxy */ = {
			isa = PBXContainerItemProxy;
			containerPortal = CBB83BDB26FE7FB200853C9E /* Project object */;
			proxyType = 1;
			remoteGlobalIDString = CBB83BE626FE7FB500853C9E;
			remoteInfo = "Landmarks (iOS)";
		};
		CBB83C0326FE7FB500853C9E /* PBXContainerItemProxy */ = {
			isa = PBXContainerItemProxy;
			containerPortal = CBB83BDB26FE7FB200853C9E /* Project object */;
			proxyType = 1;
			remoteGlobalIDString = CBB83BEE26FE7FB500853C9E;
			remoteInfo = "Landmarks (macOS)";
		};
		CBB83CA92700F4CE00853C9E /* PBXContainerItemProxy */ = {
			isa = PBXContainerItemProxy;
			containerPortal = CBB83BDB26FE7FB200853C9E /* Project object */;
			proxyType = 1;
			remoteGlobalIDString = CBB83CA62700F4CE00853C9E;
			remoteInfo = "WatchLandmarks Extension";
		};
		CBB83CC22700F4CF00853C9E /* PBXContainerItemProxy */ = {
			isa = PBXContainerItemProxy;
			containerPortal = CBB83BDB26FE7FB200853C9E /* Project object */;
			proxyType = 1;
			remoteGlobalIDString = CBB83CA62700F4CE00853C9E;
			remoteInfo = "WatchLandmarks Extension";
		};
		CBB83CCD2700F4CF00853C9E /* PBXContainerItemProxy */ = {
			isa = PBXContainerItemProxy;
			containerPortal = CBB83BDB26FE7FB200853C9E /* Project object */;
			proxyType = 1;
			remoteGlobalIDString = CBB83C9D2700F4CB00853C9E;
			remoteInfo = WatchLandmarks;
		};
		CBB83CD32700F4CF00853C9E /* PBXContainerItemProxy */ = {
			isa = PBXContainerItemProxy;
			containerPortal = CBB83BDB26FE7FB200853C9E /* Project object */;
			proxyType = 1;
			remoteGlobalIDString = CBB83C9D2700F4CB00853C9E;
			remoteInfo = WatchLandmarks;
		};
		CBB83D082700FC1800853C9E /* PBXContainerItemProxy */ = {
			isa = PBXContainerItemProxy;
			containerPortal = CBB83BDB26FE7FB200853C9E /* Project object */;
			proxyType = 1;
			remoteGlobalIDString = CBB83CF52700FC0300853C9E;
			remoteInfo = MacLandmarks;
		};
		CBB83D132700FC1800853C9E /* PBXContainerItemProxy */ = {
			isa = PBXContainerItemProxy;
			containerPortal = CBB83BDB26FE7FB200853C9E /* Project object */;
			proxyType = 1;
			remoteGlobalIDString = CBB83CF52700FC0300853C9E;
			remoteInfo = MacLandmarks;
		};
/* End PBXContainerItemProxy section */

/* Begin PBXCopyFilesBuildPhase section */
		CBB83CD92700F4CF00853C9E /* Embed App Extensions */ = {
			isa = PBXCopyFilesBuildPhase;
			buildActionMask = 2147483647;
			dstPath = "";
			dstSubfolderSpec = 13;
			files = (
				CBB83CA82700F4CE00853C9E /* WatchLandmarks Extension.appex in Embed App Extensions */,
			);
			name = "Embed App Extensions";
			runOnlyForDeploymentPostprocessing = 0;
		};
		CBB83CDD2700F4CF00853C9E /* Embed Watch Content */ = {
			isa = PBXCopyFilesBuildPhase;
			buildActionMask = 2147483647;
			dstPath = "$(CONTENTS_FOLDER_PATH)/Watch";
			dstSubfolderSpec = 16;
			files = (
				CBB83CD52700F4CF00853C9E /* WatchLandmarks.app in Embed Watch Content */,
			);
			name = "Embed Watch Content";
			runOnlyForDeploymentPostprocessing = 0;
		};
/* End PBXCopyFilesBuildPhase section */

/* Begin PBXFileReference section */
		CBB83BE026FE7FB300853C9E /* LandmarksApp.swift */ = {isa = PBXFileReference; lastKnownFileType = sourcecode.swift; path = LandmarksApp.swift; sourceTree = "<group>"; };
		CBB83BE126FE7FB300853C9E /* ContentView.swift */ = {isa = PBXFileReference; lastKnownFileType = sourcecode.swift; path = ContentView.swift; sourceTree = "<group>"; };
		CBB83BE226FE7FB500853C9E /* Assets.xcassets */ = {isa = PBXFileReference; lastKnownFileType = folder.assetcatalog; path = Assets.xcassets; sourceTree = "<group>"; };
		CBB83BE726FE7FB500853C9E /* Landmarks.app */ = {isa = PBXFileReference; explicitFileType = wrapper.application; includeInIndex = 0; path = Landmarks.app; sourceTree = BUILT_PRODUCTS_DIR; };
		CBB83BEA26FE7FB500853C9E /* Info.plist */ = {isa = PBXFileReference; lastKnownFileType = text.plist.xml; path = Info.plist; sourceTree = "<group>"; };
		CBB83BEF26FE7FB500853C9E /* Landmarks.app */ = {isa = PBXFileReference; explicitFileType = wrapper.application; includeInIndex = 0; path = Landmarks.app; sourceTree = BUILT_PRODUCTS_DIR; };
		CBB83BF126FE7FB500853C9E /* Info.plist */ = {isa = PBXFileReference; lastKnownFileType = text.plist.xml; path = Info.plist; sourceTree = "<group>"; };
		CBB83BF226FE7FB500853C9E /* macOS.entitlements */ = {isa = PBXFileReference; lastKnownFileType = text.plist.entitlements; path = macOS.entitlements; sourceTree = "<group>"; };
		CBB83BF726FE7FB500853C9E /* Tests iOS.xctest */ = {isa = PBXFileReference; explicitFileType = wrapper.cfbundle; includeInIndex = 0; path = "Tests iOS.xctest"; sourceTree = BUILT_PRODUCTS_DIR; };
		CBB83BFB26FE7FB500853C9E /* Tests_iOS.swift */ = {isa = PBXFileReference; lastKnownFileType = sourcecode.swift; path = Tests_iOS.swift; sourceTree = "<group>"; };
		CBB83BFD26FE7FB500853C9E /* Info.plist */ = {isa = PBXFileReference; lastKnownFileType = text.plist.xml; path = Info.plist; sourceTree = "<group>"; };
		CBB83C0226FE7FB500853C9E /* Tests macOS.xctest */ = {isa = PBXFileReference; explicitFileType = wrapper.cfbundle; includeInIndex = 0; path = "Tests macOS.xctest"; sourceTree = BUILT_PRODUCTS_DIR; };
		CBB83C0626FE7FB500853C9E /* Tests_macOS.swift */ = {isa = PBXFileReference; lastKnownFileType = sourcecode.swift; path = Tests_macOS.swift; sourceTree = "<group>"; };
		CBB83C0826FE7FB500853C9E /* Info.plist */ = {isa = PBXFileReference; lastKnownFileType = text.plist.xml; path = Info.plist; sourceTree = "<group>"; };
		CBB83C2026FE839A00853C9E /* CircleImage.swift */ = {isa = PBXFileReference; lastKnownFileType = sourcecode.swift; path = CircleImage.swift; sourceTree = "<group>"; };
		CBB83C2326FE840500853C9E /* MapView.swift */ = {isa = PBXFileReference; lastKnownFileType = sourcecode.swift; path = MapView.swift; sourceTree = "<group>"; };
		CBB83C2626FE862100853C9E /* landmarkData.json */ = {isa = PBXFileReference; fileEncoding = 4; lastKnownFileType = text.json; path = landmarkData.json; sourceTree = "<group>"; };
		CBB83C2826FE87D400853C9E /* Landmark.swift */ = {isa = PBXFileReference; lastKnownFileType = sourcecode.swift; path = Landmark.swift; sourceTree = "<group>"; };
		CBB83C2C26FE888C00853C9E /* ModelData.swift */ = {isa = PBXFileReference; lastKnownFileType = sourcecode.swift; path = ModelData.swift; sourceTree = "<group>"; };
		CBB83C3226FE890700853C9E /* LandmarkRow.swift */ = {isa = PBXFileReference; lastKnownFileType = sourcecode.swift; path = LandmarkRow.swift; sourceTree = "<group>"; };
		CBB83C3526FE89E800853C9E /* LandmarkList.swift */ = {isa = PBXFileReference; lastKnownFileType = sourcecode.swift; path = LandmarkList.swift; sourceTree = "<group>"; };
		CBB83C3826FE8A7800853C9E /* LandmarkDetail.swift */ = {isa = PBXFileReference; lastKnownFileType = sourcecode.swift; path = LandmarkDetail.swift; sourceTree = "<group>"; };
		CBB83C3B26FE92D900853C9E /* FavoriteButton.swift */ = {isa = PBXFileReference; lastKnownFileType = sourcecode.swift; path = FavoriteButton.swift; sourceTree = "<group>"; };
		CBB83C4026FF7CB900853C9E /* HexagonParameters.swift */ = {isa = PBXFileReference; lastKnownFileType = sourcecode.swift; path = HexagonParameters.swift; sourceTree = "<group>"; };
		CBB83C4326FF7D5E00853C9E /* BadgeBackground.swift */ = {isa = PBXFileReference; lastKnownFileType = sourcecode.swift; path = BadgeBackground.swift; sourceTree = "<group>"; };
		CBB83C4926FF7FAD00853C9E /* BadgeSymbol.swift */ = {isa = PBXFileReference; lastKnownFileType = sourcecode.swift; path = BadgeSymbol.swift; sourceTree = "<group>"; };
		CBB83C4C26FF800100853C9E /* RotatedBadgeSymbol.swift */ = {isa = PBXFileReference; lastKnownFileType = sourcecode.swift; path = RotatedBadgeSymbol.swift; sourceTree = "<group>"; };
		CBB83C4F2700DFE200853C9E /* Badge.swift */ = {isa = PBXFileReference; lastKnownFileType = sourcecode.swift; path = Badge.swift; sourceTree = "<group>"; };
		CBB83C532700E0FD00853C9E /* hikeData.json */ = {isa = PBXFileReference; fileEncoding = 4; lastKnownFileType = text.json; path = hikeData.json; sourceTree = "<group>"; };
		CBB83C562700E10F00853C9E /* Hike.swift */ = {isa = PBXFileReference; lastKnownFileType = sourcecode.swift; path = Hike.swift; sourceTree = "<group>"; };
		CBB83C5D2700E15F00853C9E /* GraphCapsule.swift */ = {isa = PBXFileReference; fileEncoding = 4; lastKnownFileType = sourcecode.swift; path = GraphCapsule.swift; sourceTree = "<group>"; };
		CBB83C5E2700E15F00853C9E /* HikeGraph.swift */ = {isa = PBXFileReference; fileEncoding = 4; lastKnownFileType = sourcecode.swift; path = HikeGraph.swift; sourceTree = "<group>"; };
		CBB83C5F2700E15F00853C9E /* HikeDetail.swift */ = {isa = PBXFileReference; fileEncoding = 4; lastKnownFileType = sourcecode.swift; path = HikeDetail.swift; sourceTree = "<group>"; };
		CBB83C6C2700E62700853C9E /* HikeView.swift */ = {isa = PBXFileReference; fileEncoding = 4; lastKnownFileType = sourcecode.swift; path = HikeView.swift; sourceTree = "<group>"; };
		CBB83C732700E6E500853C9E /* CategoryHome.swift */ = {isa = PBXFileReference; lastKnownFileType = sourcecode.swift; path = CategoryHome.swift; sourceTree = "<group>"; };
		CBB83C762700E89F00853C9E /* CategoryRow.swift */ = {isa = PBXFileReference; lastKnownFileType = sourcecode.swift; path = CategoryRow.swift; sourceTree = "<group>"; };
		CBB83C792700E94200853C9E /* CategoryItem.swift */ = {isa = PBXFileReference; lastKnownFileType = sourcecode.swift; path = CategoryItem.swift; sourceTree = "<group>"; };
		CBB83C7C2700EC3100853C9E /* Profile.swift */ = {isa = PBXFileReference; lastKnownFileType = sourcecode.swift; path = Profile.swift; sourceTree = "<group>"; };
		CBB83C802700EC5E00853C9E /* ProfileHost.swift */ = {isa = PBXFileReference; lastKnownFileType = sourcecode.swift; path = ProfileHost.swift; sourceTree = "<group>"; };
		CBB83C832700EC9100853C9E /* ProfileSummary.swift */ = {isa = PBXFileReference; lastKnownFileType = sourcecode.swift; path = ProfileSummary.swift; sourceTree = "<group>"; };
		CBB83C892700ED1300853C9E /* HikeBadge.swift */ = {isa = PBXFileReference; lastKnownFileType = sourcecode.swift; path = HikeBadge.swift; sourceTree = "<group>"; };
		CBB83C8C2700EFAE00853C9E /* ProfileEditor.swift */ = {isa = PBXFileReference; lastKnownFileType = sourcecode.swift; path = ProfileEditor.swift; sourceTree = "<group>"; };
		CBB83C902700F11200853C9E /* PageViewController.swift */ = {isa = PBXFileReference; lastKnownFileType = sourcecode.swift; path = PageViewController.swift; sourceTree = "<group>"; };
		CBB83C932700F19C00853C9E /* FeatureCard.swift */ = {isa = PBXFileReference; lastKnownFileType = sourcecode.swift; path = FeatureCard.swift; sourceTree = "<group>"; };
		CBB83C962700F1EF00853C9E /* PageView.swift */ = {isa = PBXFileReference; lastKnownFileType = sourcecode.swift; path = PageView.swift; sourceTree = "<group>"; };
		CBB83C992700F3C300853C9E /* PageControl.swift */ = {isa = PBXFileReference; lastKnownFileType = sourcecode.swift; path = PageControl.swift; sourceTree = "<group>"; };
		CBB83C9E2700F4CB00853C9E /* WatchLandmarks.app */ = {isa = PBXFileReference; explicitFileType = wrapper.application; includeInIndex = 0; path = WatchLandmarks.app; sourceTree = BUILT_PRODUCTS_DIR; };
		CBB83CA02700F4CE00853C9E /* Assets.xcassets */ = {isa = PBXFileReference; lastKnownFileType = folder.assetcatalog; path = Assets.xcassets; sourceTree = "<group>"; };
		CBB83CA22700F4CE00853C9E /* Info.plist */ = {isa = PBXFileReference; lastKnownFileType = text.plist.xml; path = Info.plist; sourceTree = "<group>"; };
		CBB83CA72700F4CE00853C9E /* WatchLandmarks Extension.appex */ = {isa = PBXFileReference; explicitFileType = "wrapper.app-extension"; includeInIndex = 0; path = "WatchLandmarks Extension.appex"; sourceTree = BUILT_PRODUCTS_DIR; };
		CBB83CAE2700F4CE00853C9E /* ContentView.swift */ = {isa = PBXFileReference; lastKnownFileType = sourcecode.swift; path = ContentView.swift; sourceTree = "<group>"; };
		CBB83CB02700F4CE00853C9E /* NotificationController.swift */ = {isa = PBXFileReference; lastKnownFileType = sourcecode.swift; path = NotificationController.swift; sourceTree = "<group>"; };
		CBB83CB22700F4CE00853C9E /* NotificationView.swift */ = {isa = PBXFileReference; lastKnownFileType = sourcecode.swift; path = NotificationView.swift; sourceTree = "<group>"; };
		CBB83CB42700F4CE00853C9E /* ComplicationController.swift */ = {isa = PBXFileReference; lastKnownFileType = sourcecode.swift; path = ComplicationController.swift; sourceTree = "<group>"; };
		CBB83CB62700F4CF00853C9E /* Assets.xcassets */ = {isa = PBXFileReference; lastKnownFileType = folder.assetcatalog; path = Assets.xcassets; sourceTree = "<group>"; };
		CBB83CB92700F4CF00853C9E /* Preview Assets.xcassets */ = {isa = PBXFileReference; lastKnownFileType = folder.assetcatalog; path = "Preview Assets.xcassets"; sourceTree = "<group>"; };
		CBB83CBB2700F4CF00853C9E /* Info.plist */ = {isa = PBXFileReference; lastKnownFileType = text.plist.xml; path = Info.plist; sourceTree = "<group>"; };
		CBB83CBC2700F4CF00853C9E /* PushNotificationPayload.apns */ = {isa = PBXFileReference; lastKnownFileType = text; path = PushNotificationPayload.apns; sourceTree = "<group>"; };
		CBB83CC12700F4CF00853C9E /* WatchLandmarksTests.xctest */ = {isa = PBXFileReference; explicitFileType = wrapper.cfbundle; includeInIndex = 0; path = WatchLandmarksTests.xctest; sourceTree = BUILT_PRODUCTS_DIR; };
		CBB83CC52700F4CF00853C9E /* WatchLandmarksTests.swift */ = {isa = PBXFileReference; lastKnownFileType = sourcecode.swift; path = WatchLandmarksTests.swift; sourceTree = "<group>"; };
		CBB83CC72700F4CF00853C9E /* Info.plist */ = {isa = PBXFileReference; lastKnownFileType = text.plist.xml; path = Info.plist; sourceTree = "<group>"; };
		CBB83CCC2700F4CF00853C9E /* WatchLandmarksUITests.xctest */ = {isa = PBXFileReference; explicitFileType = wrapper.cfbundle; includeInIndex = 0; path = WatchLandmarksUITests.xctest; sourceTree = BUILT_PRODUCTS_DIR; };
		CBB83CD02700F4CF00853C9E /* WatchLandmarksUITests.swift */ = {isa = PBXFileReference; lastKnownFileType = sourcecode.swift; path = WatchLandmarksUITests.swift; sourceTree = "<group>"; };
		CBB83CD22700F4CF00853C9E /* Info.plist */ = {isa = PBXFileReference; lastKnownFileType = text.plist.xml; path = Info.plist; sourceTree = "<group>"; };
		CBB83CF02700F5DB00853C9E /* LandmarkDetail.swift */ = {isa = PBXFileReference; lastKnownFileType = sourcecode.swift; path = LandmarkDetail.swift; sourceTree = "<group>"; };
		CBB83CF62700FC0300853C9E /* MacLandmarks.app */ = {isa = PBXFileReference; explicitFileType = wrapper.application; includeInIndex = 0; path = MacLandmarks.app; sourceTree = BUILT_PRODUCTS_DIR; };
		CBB83CFA2700FC0300853C9E /* ContentView.swift */ = {isa = PBXFileReference; lastKnownFileType = sourcecode.swift; path = ContentView.swift; sourceTree = "<group>"; };
		CBB83CFC2700FC1700853C9E /* Assets.xcassets */ = {isa = PBXFileReference; lastKnownFileType = folder.assetcatalog; path = Assets.xcassets; sourceTree = "<group>"; };
		CBB83CFF2700FC1700853C9E /* Preview Assets.xcassets */ = {isa = PBXFileReference; lastKnownFileType = folder.assetcatalog; path = "Preview Assets.xcassets"; sourceTree = "<group>"; };
		CBB83D012700FC1700853C9E /* Info.plist */ = {isa = PBXFileReference; lastKnownFileType = text.plist.xml; path = Info.plist; sourceTree = "<group>"; };
		CBB83D022700FC1700853C9E /* MacLandmarks.entitlements */ = {isa = PBXFileReference; lastKnownFileType = text.plist.entitlements; path = MacLandmarks.entitlements; sourceTree = "<group>"; };
		CBB83D072700FC1800853C9E /* MacLandmarksTests.xctest */ = {isa = PBXFileReference; explicitFileType = wrapper.cfbundle; includeInIndex = 0; path = MacLandmarksTests.xctest; sourceTree = BUILT_PRODUCTS_DIR; };
		CBB83D0B2700FC1800853C9E /* MacLandmarksTests.swift */ = {isa = PBXFileReference; lastKnownFileType = sourcecode.swift; path = MacLandmarksTests.swift; sourceTree = "<group>"; };
		CBB83D0D2700FC1800853C9E /* Info.plist */ = {isa = PBXFileReference; lastKnownFileType = text.plist.xml; path = Info.plist; sourceTree = "<group>"; };
		CBB83D122700FC1800853C9E /* MacLandmarksUITests.xctest */ = {isa = PBXFileReference; explicitFileType = wrapper.cfbundle; includeInIndex = 0; path = MacLandmarksUITests.xctest; sourceTree = BUILT_PRODUCTS_DIR; };
		CBB83D162700FC1800853C9E /* MacLandmarksUITests.swift */ = {isa = PBXFileReference; lastKnownFileType = sourcecode.swift; path = MacLandmarksUITests.swift; sourceTree = "<group>"; };
		CBB83D182700FC1800853C9E /* Info.plist */ = {isa = PBXFileReference; lastKnownFileType = text.plist.xml; path = Info.plist; sourceTree = "<group>"; };
		CBB83D2F2700FCAE00853C9E /* LandmarkDetail.swift */ = {isa = PBXFileReference; lastKnownFileType = sourcecode.swift; path = LandmarkDetail.swift; sourceTree = "<group>"; };
		CBB83D312700FE0400853C9E /* LandmarkList.swift */ = {isa = PBXFileReference; lastKnownFileType = sourcecode.swift; path = LandmarkList.swift; sourceTree = "<group>"; };
		CBB83D332700FF6D00853C9E /* LandmarkCommands.swift */ = {isa = PBXFileReference; lastKnownFileType = sourcecode.swift; path = LandmarkCommands.swift; sourceTree = "<group>"; };
		CBB83D382703DCC100853C9E /* LandmarkSettings.swift */ = {isa = PBXFileReference; lastKnownFileType = sourcecode.swift; path = LandmarkSettings.swift; sourceTree = "<group>"; };
/* End PBXFileReference section */

/* Begin PBXFrameworksBuildPhase section */
		CBB83BE426FE7FB500853C9E /* Frameworks */ = {
			isa = PBXFrameworksBuildPhase;
			buildActionMask = 2147483647;
			files = (
			);
			runOnlyForDeploymentPostprocessing = 0;
		};
		CBB83BEC26FE7FB500853C9E /* Frameworks */ = {
			isa = PBXFrameworksBuildPhase;
			buildActionMask = 2147483647;
			files = (
			);
			runOnlyForDeploymentPostprocessing = 0;
		};
		CBB83BF426FE7FB500853C9E /* Frameworks */ = {
			isa = PBXFrameworksBuildPhase;
			buildActionMask = 2147483647;
			files = (
			);
			runOnlyForDeploymentPostprocessing = 0;
		};
		CBB83BFF26FE7FB500853C9E /* Frameworks */ = {
			isa = PBXFrameworksBuildPhase;
			buildActionMask = 2147483647;
			files = (
			);
			runOnlyForDeploymentPostprocessing = 0;
		};
		CBB83CA42700F4CE00853C9E /* Frameworks */ = {
			isa = PBXFrameworksBuildPhase;
			buildActionMask = 2147483647;
			files = (
			);
			runOnlyForDeploymentPostprocessing = 0;
		};
		CBB83CBE2700F4CF00853C9E /* Frameworks */ = {
			isa = PBXFrameworksBuildPhase;
			buildActionMask = 2147483647;
			files = (
			);
			runOnlyForDeploymentPostprocessing = 0;
		};
		CBB83CC92700F4CF00853C9E /* Frameworks */ = {
			isa = PBXFrameworksBuildPhase;
			buildActionMask = 2147483647;
			files = (
			);
			runOnlyForDeploymentPostprocessing = 0;
		};
		CBB83CF32700FC0300853C9E /* Frameworks */ = {
			isa = PBXFrameworksBuildPhase;
			buildActionMask = 2147483647;
			files = (
			);
			runOnlyForDeploymentPostprocessing = 0;
		};
		CBB83D042700FC1800853C9E /* Frameworks */ = {
			isa = PBXFrameworksBuildPhase;
			buildActionMask = 2147483647;
			files = (
			);
			runOnlyForDeploymentPostprocessing = 0;
		};
		CBB83D0F2700FC1800853C9E /* Frameworks */ = {
			isa = PBXFrameworksBuildPhase;
			buildActionMask = 2147483647;
			files = (
			);
			runOnlyForDeploymentPostprocessing = 0;
		};
/* End PBXFrameworksBuildPhase section */

/* Begin PBXGroup section */
		CBB83BDA26FE7FB200853C9E = {
			isa = PBXGroup;
			children = (
				CBB83BDF26FE7FB300853C9E /* Shared */,
				CBB83BE926FE7FB500853C9E /* iOS */,
				CBB83BF026FE7FB500853C9E /* macOS */,
				CBB83BFA26FE7FB500853C9E /* Tests iOS */,
				CBB83C0526FE7FB500853C9E /* Tests macOS */,
				CBB83C9F2700F4CB00853C9E /* WatchLandmarks */,
				CBB83CAB2700F4CE00853C9E /* WatchLandmarks Extension */,
				CBB83CC42700F4CF00853C9E /* WatchLandmarksTests */,
				CBB83CCF2700F4CF00853C9E /* WatchLandmarksUITests */,
				CBB83CF72700FC0300853C9E /* MacLandmarks */,
				CBB83D0A2700FC1800853C9E /* MacLandmarksTests */,
				CBB83D152700FC1800853C9E /* MacLandmarksUITests */,
				CBB83BE826FE7FB500853C9E /* Products */,
			);
			sourceTree = "<group>";
		};
		CBB83BDF26FE7FB300853C9E /* Shared */ = {
			isa = PBXGroup;
			children = (
				CBB83BE026FE7FB300853C9E /* LandmarksApp.swift */,
				CBB83BE226FE7FB500853C9E /* Assets.xcassets */,
				CBB83C2F26FE88C000853C9E /* Views */,
				CBB83C3026FE88D400853C9E /* Model */,
				CBB83C3126FE88E100853C9E /* Resources */,
			);
			path = Shared;
			sourceTree = "<group>";
		};
		CBB83BE826FE7FB500853C9E /* Products */ = {
			isa = PBXGroup;
			children = (
				CBB83BE726FE7FB500853C9E /* Landmarks.app */,
				CBB83BEF26FE7FB500853C9E /* Landmarks.app */,
				CBB83BF726FE7FB500853C9E /* Tests iOS.xctest */,
				CBB83C0226FE7FB500853C9E /* Tests macOS.xctest */,
				CBB83C9E2700F4CB00853C9E /* WatchLandmarks.app */,
				CBB83CA72700F4CE00853C9E /* WatchLandmarks Extension.appex */,
				CBB83CC12700F4CF00853C9E /* WatchLandmarksTests.xctest */,
				CBB83CCC2700F4CF00853C9E /* WatchLandmarksUITests.xctest */,
				CBB83CF62700FC0300853C9E /* MacLandmarks.app */,
				CBB83D072700FC1800853C9E /* MacLandmarksTests.xctest */,
				CBB83D122700FC1800853C9E /* MacLandmarksUITests.xctest */,
			);
			name = Products;
			sourceTree = "<group>";
		};
		CBB83BE926FE7FB500853C9E /* iOS */ = {
			isa = PBXGroup;
			children = (
				CBB83BEA26FE7FB500853C9E /* Info.plist */,
			);
			path = iOS;
			sourceTree = "<group>";
		};
		CBB83BF026FE7FB500853C9E /* macOS */ = {
			isa = PBXGroup;
			children = (
				CBB83BF126FE7FB500853C9E /* Info.plist */,
				CBB83BF226FE7FB500853C9E /* macOS.entitlements */,
			);
			path = macOS;
			sourceTree = "<group>";
		};
		CBB83BFA26FE7FB500853C9E /* Tests iOS */ = {
			isa = PBXGroup;
			children = (
				CBB83BFB26FE7FB500853C9E /* Tests_iOS.swift */,
				CBB83BFD26FE7FB500853C9E /* Info.plist */,
			);
			path = "Tests iOS";
			sourceTree = "<group>";
		};
		CBB83C0526FE7FB500853C9E /* Tests macOS */ = {
			isa = PBXGroup;
			children = (
				CBB83C0626FE7FB500853C9E /* Tests_macOS.swift */,
				CBB83C0826FE7FB500853C9E /* Info.plist */,
			);
			path = "Tests macOS";
			sourceTree = "<group>";
		};
		CBB83C2F26FE88C000853C9E /* Views */ = {
			isa = PBXGroup;
			children = (
				CBB83C8F2700F10400853C9E /* PageView */,
				CBB83C7F2700EC4600853C9E /* Profiles */,
				CBB83BE126FE7FB300853C9E /* ContentView.swift */,
				CBB83C6F2700E69C00853C9E /* Categories */,
				CBB83C5C2700E15F00853C9E /* Hikes */,
				CBB83C522700E06600853C9E /* Badges */,
				CBB83C3F26FE931600853C9E /* Helpers */,
				CBB83C3E26FE930D00853C9E /* Landmarks */,
			);
			path = Views;
			sourceTree = "<group>";
		};
		CBB83C3026FE88D400853C9E /* Model */ = {
			isa = PBXGroup;
			children = (
				CBB83C2826FE87D400853C9E /* Landmark.swift */,
				CBB83C2C26FE888C00853C9E /* ModelData.swift */,
				CBB83C562700E10F00853C9E /* Hike.swift */,
				CBB83C7C2700EC3100853C9E /* Profile.swift */,
			);
			path = Model;
			sourceTree = "<group>";
		};
		CBB83C3126FE88E100853C9E /* Resources */ = {
			isa = PBXGroup;
			children = (
				CBB83C532700E0FD00853C9E /* hikeData.json */,
				CBB83C2626FE862100853C9E /* landmarkData.json */,
			);
			path = Resources;
			sourceTree = "<group>";
		};
		CBB83C3E26FE930D00853C9E /* Landmarks */ = {
			isa = PBXGroup;
			children = (
				CBB83C3826FE8A7800853C9E /* LandmarkDetail.swift */,
				CBB83C3526FE89E800853C9E /* LandmarkList.swift */,
				CBB83C3226FE890700853C9E /* LandmarkRow.swift */,
			);
			path = Landmarks;
			sourceTree = "<group>";
		};
		CBB83C3F26FE931600853C9E /* Helpers */ = {
			isa = PBXGroup;
			children = (
				CBB83C2326FE840500853C9E /* MapView.swift */,
				CBB83C3B26FE92D900853C9E /* FavoriteButton.swift */,
				CBB83C2026FE839A00853C9E /* CircleImage.swift */,
			);
			path = Helpers;
			sourceTree = "<group>";
		};
		CBB83C522700E06600853C9E /* Badges */ = {
			isa = PBXGroup;
			children = (
				CBB83C4026FF7CB900853C9E /* HexagonParameters.swift */,
				CBB83C4326FF7D5E00853C9E /* BadgeBackground.swift */,
				CBB83C4926FF7FAD00853C9E /* BadgeSymbol.swift */,
				CBB83C4C26FF800100853C9E /* RotatedBadgeSymbol.swift */,
				CBB83C4F2700DFE200853C9E /* Badge.swift */,
			);
			path = Badges;
			sourceTree = "<group>";
		};
		CBB83C5C2700E15F00853C9E /* Hikes */ = {
			isa = PBXGroup;
			children = (
				CBB83C5D2700E15F00853C9E /* GraphCapsule.swift */,
				CBB83C5E2700E15F00853C9E /* HikeGraph.swift */,
				CBB83C5F2700E15F00853C9E /* HikeDetail.swift */,
				CBB83C892700ED1300853C9E /* HikeBadge.swift */,
				CBB83C6C2700E62700853C9E /* HikeView.swift */,
			);
			path = Hikes;
			sourceTree = "<group>";
		};
		CBB83C6F2700E69C00853C9E /* Categories */ = {
			isa = PBXGroup;
			children = (
				CBB83C732700E6E500853C9E /* CategoryHome.swift */,
				CBB83C762700E89F00853C9E /* CategoryRow.swift */,
				CBB83C792700E94200853C9E /* CategoryItem.swift */,
			);
			path = Categories;
			sourceTree = "<group>";
		};
		CBB83C7F2700EC4600853C9E /* Profiles */ = {
			isa = PBXGroup;
			children = (
				CBB83C802700EC5E00853C9E /* ProfileHost.swift */,
				CBB83C8C2700EFAE00853C9E /* ProfileEditor.swift */,
				CBB83C832700EC9100853C9E /* ProfileSummary.swift */,
			);
			path = Profiles;
			sourceTree = "<group>";
		};
		CBB83C8F2700F10400853C9E /* PageView */ = {
			isa = PBXGroup;
			children = (
				CBB83C902700F11200853C9E /* PageViewController.swift */,
				CBB83C932700F19C00853C9E /* FeatureCard.swift */,
				CBB83C992700F3C300853C9E /* PageControl.swift */,
				CBB83C962700F1EF00853C9E /* PageView.swift */,
			);
			path = PageView;
			sourceTree = "<group>";
		};
		CBB83C9F2700F4CB00853C9E /* WatchLandmarks */ = {
			isa = PBXGroup;
			children = (
				CBB83CA02700F4CE00853C9E /* Assets.xcassets */,
				CBB83CA22700F4CE00853C9E /* Info.plist */,
			);
			path = WatchLandmarks;
			sourceTree = "<group>";
		};
		CBB83CAB2700F4CE00853C9E /* WatchLandmarks Extension */ = {
			isa = PBXGroup;
			children = (
				CBB83CAE2700F4CE00853C9E /* ContentView.swift */,
				CBB83CB02700F4CE00853C9E /* NotificationController.swift */,
				CBB83D332700FF6D00853C9E /* LandmarkCommands.swift */,
				CBB83D312700FE0400853C9E /* LandmarkList.swift */,
				CBB83CF02700F5DB00853C9E /* LandmarkDetail.swift */,
				CBB83CB22700F4CE00853C9E /* NotificationView.swift */,
				CBB83CB42700F4CE00853C9E /* ComplicationController.swift */,
				CBB83CB62700F4CF00853C9E /* Assets.xcassets */,
				CBB83CBB2700F4CF00853C9E /* Info.plist */,
				CBB83CBC2700F4CF00853C9E /* PushNotificationPayload.apns */,
				CBB83CB82700F4CF00853C9E /* Preview Content */,
			);
			path = "WatchLandmarks Extension";
			sourceTree = "<group>";
		};
		CBB83CB82700F4CF00853C9E /* Preview Content */ = {
			isa = PBXGroup;
			children = (
				CBB83CB92700F4CF00853C9E /* Preview Assets.xcassets */,
			);
			path = "Preview Content";
			sourceTree = "<group>";
		};
		CBB83CC42700F4CF00853C9E /* WatchLandmarksTests */ = {
			isa = PBXGroup;
			children = (
				CBB83CC52700F4CF00853C9E /* WatchLandmarksTests.swift */,
				CBB83CC72700F4CF00853C9E /* Info.plist */,
			);
			path = WatchLandmarksTests;
			sourceTree = "<group>";
		};
		CBB83CCF2700F4CF00853C9E /* WatchLandmarksUITests */ = {
			isa = PBXGroup;
			children = (
				CBB83CD02700F4CF00853C9E /* WatchLandmarksUITests.swift */,
				CBB83CD22700F4CF00853C9E /* Info.plist */,
			);
			path = WatchLandmarksUITests;
			sourceTree = "<group>";
		};
		CBB83CF72700FC0300853C9E /* MacLandmarks */ = {
			isa = PBXGroup;
			children = (
				CBB83CFA2700FC0300853C9E /* ContentView.swift */,
				CBB83D2F2700FCAE00853C9E /* LandmarkDetail.swift */,
				CBB83D382703DCC100853C9E /* LandmarkSettings.swift */,
				CBB83CFC2700FC1700853C9E /* Assets.xcassets */,
				CBB83D012700FC1700853C9E /* Info.plist */,
				CBB83D022700FC1700853C9E /* MacLandmarks.entitlements */,
				CBB83CFE2700FC1700853C9E /* Preview Content */,
			);
			path = MacLandmarks;
			sourceTree = "<group>";
		};
		CBB83CFE2700FC1700853C9E /* Preview Content */ = {
			isa = PBXGroup;
			children = (
				CBB83CFF2700FC1700853C9E /* Preview Assets.xcassets */,
			);
			path = "Preview Content";
			sourceTree = "<group>";
		};
		CBB83D0A2700FC1800853C9E /* MacLandmarksTests */ = {
			isa = PBXGroup;
			children = (
				CBB83D0B2700FC1800853C9E /* MacLandmarksTests.swift */,
				CBB83D0D2700FC1800853C9E /* Info.plist */,
			);
			path = MacLandmarksTests;
			sourceTree = "<group>";
		};
		CBB83D152700FC1800853C9E /* MacLandmarksUITests */ = {
			isa = PBXGroup;
			children = (
				CBB83D162700FC1800853C9E /* MacLandmarksUITests.swift */,
				CBB83D182700FC1800853C9E /* Info.plist */,
			);
			path = MacLandmarksUITests;
			sourceTree = "<group>";
		};
/* End PBXGroup section */

/* Begin PBXNativeTarget section */
		CBB83BE626FE7FB500853C9E /* Landmarks (iOS) */ = {
			isa = PBXNativeTarget;
			buildConfigurationList = CBB83C1126FE7FB500853C9E /* Build configuration list for PBXNativeTarget "Landmarks (iOS)" */;
			buildPhases = (
				CBB83BE326FE7FB500853C9E /* Sources */,
				CBB83BE426FE7FB500853C9E /* Frameworks */,
				CBB83BE526FE7FB500853C9E /* Resources */,
				CBB83CDD2700F4CF00853C9E /* Embed Watch Content */,
			);
			buildRules = (
			);
			dependencies = (
				CBB83CD42700F4CF00853C9E /* PBXTargetDependency */,
			);
			name = "Landmarks (iOS)";
			productName = "Landmarks (iOS)";
			productReference = CBB83BE726FE7FB500853C9E /* Landmarks.app */;
			productType = "com.apple.product-type.application";
		};
		CBB83BEE26FE7FB500853C9E /* Landmarks (macOS) */ = {
			isa = PBXNativeTarget;
			buildConfigurationList = CBB83C1426FE7FB500853C9E /* Build configuration list for PBXNativeTarget "Landmarks (macOS)" */;
			buildPhases = (
				CBB83BEB26FE7FB500853C9E /* Sources */,
				CBB83BEC26FE7FB500853C9E /* Frameworks */,
				CBB83BED26FE7FB500853C9E /* Resources */,
			);
			buildRules = (
			);
			dependencies = (
			);
			name = "Landmarks (macOS)";
			productName = "Landmarks (macOS)";
			productReference = CBB83BEF26FE7FB500853C9E /* Landmarks.app */;
			productType = "com.apple.product-type.application";
		};
		CBB83BF626FE7FB500853C9E /* Tests iOS */ = {
			isa = PBXNativeTarget;
			buildConfigurationList = CBB83C1726FE7FB500853C9E /* Build configuration list for PBXNativeTarget "Tests iOS" */;
			buildPhases = (
				CBB83BF326FE7FB500853C9E /* Sources */,
				CBB83BF426FE7FB500853C9E /* Frameworks */,
				CBB83BF526FE7FB500853C9E /* Resources */,
			);
			buildRules = (
			);
			dependencies = (
				CBB83BF926FE7FB500853C9E /* PBXTargetDependency */,
			);
			name = "Tests iOS";
			productName = "Tests iOS";
			productReference = CBB83BF726FE7FB500853C9E /* Tests iOS.xctest */;
			productType = "com.apple.product-type.bundle.ui-testing";
		};
		CBB83C0126FE7FB500853C9E /* Tests macOS */ = {
			isa = PBXNativeTarget;
			buildConfigurationList = CBB83C1A26FE7FB500853C9E /* Build configuration list for PBXNativeTarget "Tests macOS" */;
			buildPhases = (
				CBB83BFE26FE7FB500853C9E /* Sources */,
				CBB83BFF26FE7FB500853C9E /* Frameworks */,
				CBB83C0026FE7FB500853C9E /* Resources */,
			);
			buildRules = (
			);
			dependencies = (
				CBB83C0426FE7FB500853C9E /* PBXTargetDependency */,
			);
			name = "Tests macOS";
			productName = "Tests macOS";
			productReference = CBB83C0226FE7FB500853C9E /* Tests macOS.xctest */;
			productType = "com.apple.product-type.bundle.ui-testing";
		};
		CBB83C9D2700F4CB00853C9E /* WatchLandmarks */ = {
			isa = PBXNativeTarget;
			buildConfigurationList = CBB83CDA2700F4CF00853C9E /* Build configuration list for PBXNativeTarget "WatchLandmarks" */;
			buildPhases = (
				CBB83C9C2700F4CB00853C9E /* Resources */,
				CBB83CD92700F4CF00853C9E /* Embed App Extensions */,
			);
			buildRules = (
			);
			dependencies = (
				CBB83CAA2700F4CE00853C9E /* PBXTargetDependency */,
			);
			name = WatchLandmarks;
			productName = WatchLandmarks;
			productReference = CBB83C9E2700F4CB00853C9E /* WatchLandmarks.app */;
			productType = "com.apple.product-type.application.watchapp2";
		};
		CBB83CA62700F4CE00853C9E /* WatchLandmarks Extension */ = {
			isa = PBXNativeTarget;
			buildConfigurationList = CBB83CD62700F4CF00853C9E /* Build configuration list for PBXNativeTarget "WatchLandmarks Extension" */;
			buildPhases = (
				CBB83CA32700F4CE00853C9E /* Sources */,
				CBB83CA42700F4CE00853C9E /* Frameworks */,
				CBB83CA52700F4CE00853C9E /* Resources */,
			);
			buildRules = (
			);
			dependencies = (
			);
			name = "WatchLandmarks Extension";
			productName = "WatchLandmarks Extension";
			productReference = CBB83CA72700F4CE00853C9E /* WatchLandmarks Extension.appex */;
			productType = "com.apple.product-type.watchkit2-extension";
		};
		CBB83CC02700F4CF00853C9E /* WatchLandmarksTests */ = {
			isa = PBXNativeTarget;
			buildConfigurationList = CBB83CDE2700F4CF00853C9E /* Build configuration list for PBXNativeTarget "WatchLandmarksTests" */;
			buildPhases = (
				CBB83CBD2700F4CF00853C9E /* Sources */,
				CBB83CBE2700F4CF00853C9E /* Frameworks */,
				CBB83CBF2700F4CF00853C9E /* Resources */,
			);
			buildRules = (
			);
			dependencies = (
				CBB83CC32700F4CF00853C9E /* PBXTargetDependency */,
			);
			name = WatchLandmarksTests;
			productName = WatchLandmarksTests;
			productReference = CBB83CC12700F4CF00853C9E /* WatchLandmarksTests.xctest */;
			productType = "com.apple.product-type.bundle.unit-test";
		};
		CBB83CCB2700F4CF00853C9E /* WatchLandmarksUITests */ = {
			isa = PBXNativeTarget;
			buildConfigurationList = CBB83CE12700F4CF00853C9E /* Build configuration list for PBXNativeTarget "WatchLandmarksUITests" */;
			buildPhases = (
				CBB83CC82700F4CF00853C9E /* Sources */,
				CBB83CC92700F4CF00853C9E /* Frameworks */,
				CBB83CCA2700F4CF00853C9E /* Resources */,
			);
			buildRules = (
			);
			dependencies = (
				CBB83CCE2700F4CF00853C9E /* PBXTargetDependency */,
			);
			name = WatchLandmarksUITests;
			productName = WatchLandmarksUITests;
			productReference = CBB83CCC2700F4CF00853C9E /* WatchLandmarksUITests.xctest */;
			productType = "com.apple.product-type.bundle.ui-testing";
		};
		CBB83CF52700FC0300853C9E /* MacLandmarks */ = {
			isa = PBXNativeTarget;
			buildConfigurationList = CBB83D192700FC1800853C9E /* Build configuration list for PBXNativeTarget "MacLandmarks" */;
			buildPhases = (
				CBB83CF22700FC0300853C9E /* Sources */,
				CBB83CF32700FC0300853C9E /* Frameworks */,
				CBB83CF42700FC0300853C9E /* Resources */,
			);
			buildRules = (
			);
			dependencies = (
			);
			name = MacLandmarks;
			productName = MacLandmarks;
			productReference = CBB83CF62700FC0300853C9E /* MacLandmarks.app */;
			productType = "com.apple.product-type.application";
		};
		CBB83D062700FC1800853C9E /* MacLandmarksTests */ = {
			isa = PBXNativeTarget;
			buildConfigurationList = CBB83D1C2700FC1800853C9E /* Build configuration list for PBXNativeTarget "MacLandmarksTests" */;
			buildPhases = (
				CBB83D032700FC1800853C9E /* Sources */,
				CBB83D042700FC1800853C9E /* Frameworks */,
				CBB83D052700FC1800853C9E /* Resources */,
			);
			buildRules = (
			);
			dependencies = (
				CBB83D092700FC1800853C9E /* PBXTargetDependency */,
			);
			name = MacLandmarksTests;
			productName = MacLandmarksTests;
			productReference = CBB83D072700FC1800853C9E /* MacLandmarksTests.xctest */;
			productType = "com.apple.product-type.bundle.unit-test";
		};
		CBB83D112700FC1800853C9E /* MacLandmarksUITests */ = {
			isa = PBXNativeTarget;
			buildConfigurationList = CBB83D1F2700FC1800853C9E /* Build configuration list for PBXNativeTarget "MacLandmarksUITests" */;
			buildPhases = (
				CBB83D0E2700FC1800853C9E /* Sources */,
				CBB83D0F2700FC1800853C9E /* Frameworks */,
				CBB83D102700FC1800853C9E /* Resources */,
			);
			buildRules = (
			);
			dependencies = (
				CBB83D142700FC1800853C9E /* PBXTargetDependency */,
			);
			name = MacLandmarksUITests;
			productName = MacLandmarksUITests;
			productReference = CBB83D122700FC1800853C9E /* MacLandmarksUITests.xctest */;
			productType = "com.apple.product-type.bundle.ui-testing";
		};
/* End PBXNativeTarget section */

/* Begin PBXProject section */
		CBB83BDB26FE7FB200853C9E /* Project object */ = {
			isa = PBXProject;
			attributes = {
				LastSwiftUpdateCheck = 1250;
				LastUpgradeCheck = 1250;
				TargetAttributes = {
					CBB83BE626FE7FB500853C9E = {
						CreatedOnToolsVersion = 12.5.1;
					};
					CBB83BEE26FE7FB500853C9E = {
						CreatedOnToolsVersion = 12.5.1;
					};
					CBB83BF626FE7FB500853C9E = {
						CreatedOnToolsVersion = 12.5.1;
						TestTargetID = CBB83BE626FE7FB500853C9E;
					};
					CBB83C0126FE7FB500853C9E = {
						CreatedOnToolsVersion = 12.5.1;
						TestTargetID = CBB83BEE26FE7FB500853C9E;
					};
					CBB83C9D2700F4CB00853C9E = {
						CreatedOnToolsVersion = 12.5.1;
					};
					CBB83CA62700F4CE00853C9E = {
						CreatedOnToolsVersion = 12.5.1;
					};
					CBB83CC02700F4CF00853C9E = {
						CreatedOnToolsVersion = 12.5.1;
						TestTargetID = CBB83CA62700F4CE00853C9E;
					};
					CBB83CCB2700F4CF00853C9E = {
						CreatedOnToolsVersion = 12.5.1;
						TestTargetID = CBB83C9D2700F4CB00853C9E;
					};
					CBB83CF52700FC0300853C9E = {
						CreatedOnToolsVersion = 12.5.1;
					};
					CBB83D062700FC1800853C9E = {
						CreatedOnToolsVersion = 12.5.1;
						TestTargetID = CBB83CF52700FC0300853C9E;
					};
					CBB83D112700FC1800853C9E = {
						CreatedOnToolsVersion = 12.5.1;
						TestTargetID = CBB83CF52700FC0300853C9E;
					};
				};
			};
			buildConfigurationList = CBB83BDE26FE7FB200853C9E /* Build configuration list for PBXProject "Landmarks" */;
			compatibilityVersion = "Xcode 9.3";
			developmentRegion = en;
			hasScannedForEncodings = 0;
			knownRegions = (
				en,
				Base,
			);
			mainGroup = CBB83BDA26FE7FB200853C9E;
			productRefGroup = CBB83BE826FE7FB500853C9E /* Products */;
			projectDirPath = "";
			projectRoot = "";
			targets = (
				CBB83BE626FE7FB500853C9E /* Landmarks (iOS) */,
				CBB83BEE26FE7FB500853C9E /* Landmarks (macOS) */,
				CBB83BF626FE7FB500853C9E /* Tests iOS */,
				CBB83C0126FE7FB500853C9E /* Tests macOS */,
				CBB83C9D2700F4CB00853C9E /* WatchLandmarks */,
				CBB83CA62700F4CE00853C9E /* WatchLandmarks Extension */,
				CBB83CC02700F4CF00853C9E /* WatchLandmarksTests */,
				CBB83CCB2700F4CF00853C9E /* WatchLandmarksUITests */,
				CBB83CF52700FC0300853C9E /* MacLandmarks */,
				CBB83D062700FC1800853C9E /* MacLandmarksTests */,
				CBB83D112700FC1800853C9E /* MacLandmarksUITests */,
			);
		};
/* End PBXProject section */

/* Begin PBXResourcesBuildPhase section */
		CBB83BE526FE7FB500853C9E /* Resources */ = {
			isa = PBXResourcesBuildPhase;
			buildActionMask = 2147483647;
			files = (
				CBB83C0D26FE7FB500853C9E /* Assets.xcassets in Resources */,
				CBB83C542700E0FD00853C9E /* hikeData.json in Resources */,
				CBB83C2726FE862100853C9E /* landmarkData.json in Resources */,
			);
			runOnlyForDeploymentPostprocessing = 0;
		};
		CBB83BED26FE7FB500853C9E /* Resources */ = {
			isa = PBXResourcesBuildPhase;
			buildActionMask = 2147483647;
			files = (
				CBB83C0E26FE7FB500853C9E /* Assets.xcassets in Resources */,
				CBB83C552700E0FD00853C9E /* hikeData.json in Resources */,
				CBB83C2B26FE87E000853C9E /* landmarkData.json in Resources */,
			);
			runOnlyForDeploymentPostprocessing = 0;
		};
		CBB83BF526FE7FB500853C9E /* Resources */ = {
			isa = PBXResourcesBuildPhase;
			buildActionMask = 2147483647;
			files = (
			);
			runOnlyForDeploymentPostprocessing = 0;
		};
		CBB83C0026FE7FB500853C9E /* Resources */ = {
			isa = PBXResourcesBuildPhase;
			buildActionMask = 2147483647;
			files = (
			);
			runOnlyForDeploymentPostprocessing = 0;
		};
		CBB83C9C2700F4CB00853C9E /* Resources */ = {
			isa = PBXResourcesBuildPhase;
			buildActionMask = 2147483647;
			files = (
				CBB83CA12700F4CE00853C9E /* Assets.xcassets in Resources */,
			);
			runOnlyForDeploymentPostprocessing = 0;
		};
		CBB83CA52700F4CE00853C9E /* Resources */ = {
			isa = PBXResourcesBuildPhase;
			buildActionMask = 2147483647;
			files = (
				CBB83CE92700F5A700853C9E /* hikeData.json in Resources */,
				CBB83CBA2700F4CF00853C9E /* Preview Assets.xcassets in Resources */,
				CBB83CE72700F5A700853C9E /* Assets.xcassets in Resources */,
				CBB83CEE2700F5A700853C9E /* landmarkData.json in Resources */,
				CBB83CB72700F4CF00853C9E /* Assets.xcassets in Resources */,
			);
			runOnlyForDeploymentPostprocessing = 0;
		};
		CBB83CBF2700F4CF00853C9E /* Resources */ = {
			isa = PBXResourcesBuildPhase;
			buildActionMask = 2147483647;
			files = (
			);
			runOnlyForDeploymentPostprocessing = 0;
		};
		CBB83CCA2700F4CF00853C9E /* Resources */ = {
			isa = PBXResourcesBuildPhase;
			buildActionMask = 2147483647;
			files = (
			);
			runOnlyForDeploymentPostprocessing = 0;
		};
		CBB83CF42700FC0300853C9E /* Resources */ = {
			isa = PBXResourcesBuildPhase;
			buildActionMask = 2147483647;
			files = (
				CBB83D282700FC6900853C9E /* hikeData.json in Resources */,
				CBB83D002700FC1700853C9E /* Preview Assets.xcassets in Resources */,
				CBB83CFD2700FC1700853C9E /* Assets.xcassets in Resources */,
				CBB83D232700FC6900853C9E /* landmarkData.json in Resources */,
				CBB83D2D2700FC6900853C9E /* Assets.xcassets in Resources */,
			);
			runOnlyForDeploymentPostprocessing = 0;
		};
		CBB83D052700FC1800853C9E /* Resources */ = {
			isa = PBXResourcesBuildPhase;
			buildActionMask = 2147483647;
			files = (
			);
			runOnlyForDeploymentPostprocessing = 0;
		};
		CBB83D102700FC1800853C9E /* Resources */ = {
			isa = PBXResourcesBuildPhase;
			buildActionMask = 2147483647;
			files = (
			);
			runOnlyForDeploymentPostprocessing = 0;
		};
/* End PBXResourcesBuildPhase section */

/* Begin PBXSourcesBuildPhase section */
		CBB83BE326FE7FB500853C9E /* Sources */ = {
			isa = PBXSourcesBuildPhase;
			buildActionMask = 2147483647;
			files = (
				CBB83C772700E89F00853C9E /* CategoryRow.swift in Sources */,
				CBB83C7D2700EC3100853C9E /* Profile.swift in Sources */,
				CBB83D342700FF6D00853C9E /* LandmarkCommands.swift in Sources */,
				CBB83C0B26FE7FB500853C9E /* ContentView.swift in Sources */,
				CBB83C742700E6E500853C9E /* CategoryHome.swift in Sources */,
				CBB83C942700F19C00853C9E /* FeatureCard.swift in Sources */,
				CBB83C632700E15F00853C9E /* HikeGraph.swift in Sources */,
				CBB83C502700DFE200853C9E /* Badge.swift in Sources */,
				CBB83C2426FE840500853C9E /* MapView.swift in Sources */,
				CBB83C612700E15F00853C9E /* GraphCapsule.swift in Sources */,
				CBB83C0926FE7FB500853C9E /* LandmarksApp.swift in Sources */,
				CBB83C9A2700F3C300853C9E /* PageControl.swift in Sources */,
				CBB83C3C26FE92D900853C9E /* FavoriteButton.swift in Sources */,
				CBB83C7A2700E94200853C9E /* CategoryItem.swift in Sources */,
				CBB83C652700E15F00853C9E /* HikeDetail.swift in Sources */,
				CBB83C842700EC9100853C9E /* ProfileSummary.swift in Sources */,
				CBB83C4126FF7CB900853C9E /* HexagonParameters.swift in Sources */,
				CBB83C812700EC5E00853C9E /* ProfileHost.swift in Sources */,
				CBB83C572700E10F00853C9E /* Hike.swift in Sources */,
				CBB83C4D26FF800100853C9E /* RotatedBadgeSymbol.swift in Sources */,
				CBB83C972700F1EF00853C9E /* PageView.swift in Sources */,
				CBB83C4A26FF7FAD00853C9E /* BadgeSymbol.swift in Sources */,
				CBB83C8D2700EFAE00853C9E /* ProfileEditor.swift in Sources */,
				CBB83C3626FE89E800853C9E /* LandmarkList.swift in Sources */,
				CBB83C3926FE8A7800853C9E /* LandmarkDetail.swift in Sources */,
				CBB83C4426FF7D5E00853C9E /* BadgeBackground.swift in Sources */,
				CBB83C912700F11200853C9E /* PageViewController.swift in Sources */,
				CBB83C6D2700E62700853C9E /* HikeView.swift in Sources */,
				CBB83C8A2700ED1300853C9E /* HikeBadge.swift in Sources */,
				CBB83C2126FE839A00853C9E /* CircleImage.swift in Sources */,
				CBB83C2926FE87D400853C9E /* Landmark.swift in Sources */,
				CBB83C3326FE890700853C9E /* LandmarkRow.swift in Sources */,
				CBB83C2D26FE888C00853C9E /* ModelData.swift in Sources */,
			);
			runOnlyForDeploymentPostprocessing = 0;
		};
		CBB83BEB26FE7FB500853C9E /* Sources */ = {
			isa = PBXSourcesBuildPhase;
			buildActionMask = 2147483647;
			files = (
				CBB83C782700E89F00853C9E /* CategoryRow.swift in Sources */,
				CBB83C7E2700EC3100853C9E /* Profile.swift in Sources */,
				CBB83D352700FF6D00853C9E /* LandmarkCommands.swift in Sources */,
				CBB83C0C26FE7FB500853C9E /* ContentView.swift in Sources */,
				CBB83C752700E6E500853C9E /* CategoryHome.swift in Sources */,
				CBB83C952700F19C00853C9E /* FeatureCard.swift in Sources */,
				CBB83C642700E15F00853C9E /* HikeGraph.swift in Sources */,
				CBB83C512700DFE200853C9E /* Badge.swift in Sources */,
				CBB83C2526FE840500853C9E /* MapView.swift in Sources */,
				CBB83C622700E15F00853C9E /* GraphCapsule.swift in Sources */,
				CBB83C0A26FE7FB500853C9E /* LandmarksApp.swift in Sources */,
				CBB83C9B2700F3C300853C9E /* PageControl.swift in Sources */,
				CBB83C3D26FE92D900853C9E /* FavoriteButton.swift in Sources */,
				CBB83C7B2700E94200853C9E /* CategoryItem.swift in Sources */,
				CBB83C662700E15F00853C9E /* HikeDetail.swift in Sources */,
				CBB83C852700EC9100853C9E /* ProfileSummary.swift in Sources */,
				CBB83C4226FF7CB900853C9E /* HexagonParameters.swift in Sources */,
				CBB83C822700EC5E00853C9E /* ProfileHost.swift in Sources */,
				CBB83C582700E10F00853C9E /* Hike.swift in Sources */,
				CBB83C4E26FF800100853C9E /* RotatedBadgeSymbol.swift in Sources */,
				CBB83C982700F1EF00853C9E /* PageView.swift in Sources */,
				CBB83C4B26FF7FAD00853C9E /* BadgeSymbol.swift in Sources */,
				CBB83C8E2700EFAE00853C9E /* ProfileEditor.swift in Sources */,
				CBB83C3726FE89E800853C9E /* LandmarkList.swift in Sources */,
				CBB83C3A26FE8A7800853C9E /* LandmarkDetail.swift in Sources */,
				CBB83C4526FF7D5E00853C9E /* BadgeBackground.swift in Sources */,
				CBB83C922700F11200853C9E /* PageViewController.swift in Sources */,
				CBB83C6E2700E62700853C9E /* HikeView.swift in Sources */,
				CBB83C8B2700ED1300853C9E /* HikeBadge.swift in Sources */,
				CBB83C2226FE839A00853C9E /* CircleImage.swift in Sources */,
				CBB83C2A26FE87DA00853C9E /* Landmark.swift in Sources */,
				CBB83C3426FE890700853C9E /* LandmarkRow.swift in Sources */,
				CBB83C2E26FE888C00853C9E /* ModelData.swift in Sources */,
			);
			runOnlyForDeploymentPostprocessing = 0;
		};
		CBB83BF326FE7FB500853C9E /* Sources */ = {
			isa = PBXSourcesBuildPhase;
			buildActionMask = 2147483647;
			files = (
				CBB83BFC26FE7FB500853C9E /* Tests_iOS.swift in Sources */,
			);
			runOnlyForDeploymentPostprocessing = 0;
		};
		CBB83BFE26FE7FB500853C9E /* Sources */ = {
			isa = PBXSourcesBuildPhase;
			buildActionMask = 2147483647;
			files = (
				CBB83C0726FE7FB500853C9E /* Tests_macOS.swift in Sources */,
			);
			runOnlyForDeploymentPostprocessing = 0;
		};
		CBB83CA32700F4CE00853C9E /* Sources */ = {
			isa = PBXSourcesBuildPhase;
			buildActionMask = 2147483647;
			files = (
				CBB83CEB2700F5A700853C9E /* Hike.swift in Sources */,
				CBB83CE62700F5A700853C9E /* Landmark.swift in Sources */,
				CBB83CED2700F5A700853C9E /* LandmarkRow.swift in Sources */,
				CBB83CE82700F5A700853C9E /* Profile.swift in Sources */,
				CBB83D322700FE0400853C9E /* LandmarkList.swift in Sources */,
				CBB83CEC2700F5A700853C9E /* MapView.swift in Sources */,
				CBB83CB12700F4CE00853C9E /* NotificationController.swift in Sources */,
				CBB83CF12700F5DB00853C9E /* LandmarkDetail.swift in Sources */,
				CBB83D362700FF6D00853C9E /* LandmarkCommands.swift in Sources */,
				CBB83CAF2700F4CE00853C9E /* ContentView.swift in Sources */,
				CBB83CB52700F4CE00853C9E /* ComplicationController.swift in Sources */,
				CBB83CB32700F4CE00853C9E /* NotificationView.swift in Sources */,
				CBB83CEF2700F5A700853C9E /* LandmarksApp.swift in Sources */,
				CBB83CE42700F5A700853C9E /* CircleImage.swift in Sources */,
				CBB83CE52700F5A700853C9E /* ModelData.swift in Sources */,
			);
			runOnlyForDeploymentPostprocessing = 0;
		};
		CBB83CBD2700F4CF00853C9E /* Sources */ = {
			isa = PBXSourcesBuildPhase;
			buildActionMask = 2147483647;
			files = (
				CBB83CC62700F4CF00853C9E /* WatchLandmarksTests.swift in Sources */,
			);
			runOnlyForDeploymentPostprocessing = 0;
		};
		CBB83CC82700F4CF00853C9E /* Sources */ = {
			isa = PBXSourcesBuildPhase;
			buildActionMask = 2147483647;
			files = (
				CBB83CD12700F4CF00853C9E /* WatchLandmarksUITests.swift in Sources */,
			);
			runOnlyForDeploymentPostprocessing = 0;
		};
		CBB83CF22700FC0300853C9E /* Sources */ = {
			isa = PBXSourcesBuildPhase;
			buildActionMask = 2147483647;
			files = (
				CBB83D242700FC6900853C9E /* Hike.swift in Sources */,
				CBB83D272700FC6900853C9E /* Profile.swift in Sources */,
				CBB83D392703DCC200853C9E /* LandmarkSettings.swift in Sources */,
				CBB83CFB2700FC0300853C9E /* ContentView.swift in Sources */,
				CBB83D2E2700FC6900853C9E /* MapView.swift in Sources */,
				CBB83D372700FF6D00853C9E /* LandmarkCommands.swift in Sources */,
				CBB83D302700FCAE00853C9E /* LandmarkDetail.swift in Sources */,
				CBB83D2B2700FC6900853C9E /* FavoriteButton.swift in Sources */,
				CBB83D292700FC6900853C9E /* LandmarkList.swift in Sources */,
				CBB83D222700FC6900853C9E /* CircleImage.swift in Sources */,
				CBB83D2A2700FC6900853C9E /* ModelData.swift in Sources */,
				CBB83D252700FC6900853C9E /* LandmarksApp.swift in Sources */,
				CBB83D2C2700FC6900853C9E /* LandmarkRow.swift in Sources */,
				CBB83D262700FC6900853C9E /* Landmark.swift in Sources */,
			);
			runOnlyForDeploymentPostprocessing = 0;
		};
		CBB83D032700FC1800853C9E /* Sources */ = {
			isa = PBXSourcesBuildPhase;
			buildActionMask = 2147483647;
			files = (
				CBB83D0C2700FC1800853C9E /* MacLandmarksTests.swift in Sources */,
			);
			runOnlyForDeploymentPostprocessing = 0;
		};
		CBB83D0E2700FC1800853C9E /* Sources */ = {
			isa = PBXSourcesBuildPhase;
			buildActionMask = 2147483647;
			files = (
				CBB83D172700FC1800853C9E /* MacLandmarksUITests.swift in Sources */,
			);
			runOnlyForDeploymentPostprocessing = 0;
		};
/* End PBXSourcesBuildPhase section */

/* Begin PBXTargetDependency section */
		CBB83BF926FE7FB500853C9E /* PBXTargetDependency */ = {
			isa = PBXTargetDependency;
			target = CBB83BE626FE7FB500853C9E /* Landmarks (iOS) */;
			targetProxy = CBB83BF826FE7FB500853C9E /* PBXContainerItemProxy */;
		};
		CBB83C0426FE7FB500853C9E /* PBXTargetDependency */ = {
			isa = PBXTargetDependency;
			target = CBB83BEE26FE7FB500853C9E /* Landmarks (macOS) */;
			targetProxy = CBB83C0326FE7FB500853C9E /* PBXContainerItemProxy */;
		};
		CBB83CAA2700F4CE00853C9E /* PBXTargetDependency */ = {
			isa = PBXTargetDependency;
			target = CBB83CA62700F4CE00853C9E /* WatchLandmarks Extension */;
			targetProxy = CBB83CA92700F4CE00853C9E /* PBXContainerItemProxy */;
		};
		CBB83CC32700F4CF00853C9E /* PBXTargetDependency */ = {
			isa = PBXTargetDependency;
			target = CBB83CA62700F4CE00853C9E /* WatchLandmarks Extension */;
			targetProxy = CBB83CC22700F4CF00853C9E /* PBXContainerItemProxy */;
		};
		CBB83CCE2700F4CF00853C9E /* PBXTargetDependency */ = {
			isa = PBXTargetDependency;
			target = CBB83C9D2700F4CB00853C9E /* WatchLandmarks */;
			targetProxy = CBB83CCD2700F4CF00853C9E /* PBXContainerItemProxy */;
		};
		CBB83CD42700F4CF00853C9E /* PBXTargetDependency */ = {
			isa = PBXTargetDependency;
			target = CBB83C9D2700F4CB00853C9E /* WatchLandmarks */;
			targetProxy = CBB83CD32700F4CF00853C9E /* PBXContainerItemProxy */;
		};
		CBB83D092700FC1800853C9E /* PBXTargetDependency */ = {
			isa = PBXTargetDependency;
			target = CBB83CF52700FC0300853C9E /* MacLandmarks */;
			targetProxy = CBB83D082700FC1800853C9E /* PBXContainerItemProxy */;
		};
		CBB83D142700FC1800853C9E /* PBXTargetDependency */ = {
			isa = PBXTargetDependency;
			target = CBB83CF52700FC0300853C9E /* MacLandmarks */;
			targetProxy = CBB83D132700FC1800853C9E /* PBXContainerItemProxy */;
		};
/* End PBXTargetDependency section */

/* Begin XCBuildConfiguration section */
		CBB83C0F26FE7FB500853C9E /* Debug */ = {
			isa = XCBuildConfiguration;
			buildSettings = {
				ALWAYS_SEARCH_USER_PATHS = NO;
				CLANG_ANALYZER_NONNULL = YES;
				CLANG_ANALYZER_NUMBER_OBJECT_CONVERSION = YES_AGGRESSIVE;
				CLANG_CXX_LANGUAGE_STANDARD = "gnu++14";
				CLANG_CXX_LIBRARY = "libc++";
				CLANG_ENABLE_MODULES = YES;
				CLANG_ENABLE_OBJC_ARC = YES;
				CLANG_ENABLE_OBJC_WEAK = YES;
				CLANG_WARN_BLOCK_CAPTURE_AUTORELEASING = YES;
				CLANG_WARN_BOOL_CONVERSION = YES;
				CLANG_WARN_COMMA = YES;
				CLANG_WARN_CONSTANT_CONVERSION = YES;
				CLANG_WARN_DEPRECATED_OBJC_IMPLEMENTATIONS = YES;
				CLANG_WARN_DIRECT_OBJC_ISA_USAGE = YES_ERROR;
				CLANG_WARN_DOCUMENTATION_COMMENTS = YES;
				CLANG_WARN_EMPTY_BODY = YES;
				CLANG_WARN_ENUM_CONVERSION = YES;
				CLANG_WARN_INFINITE_RECURSION = YES;
				CLANG_WARN_INT_CONVERSION = YES;
				CLANG_WARN_NON_LITERAL_NULL_CONVERSION = YES;
				CLANG_WARN_OBJC_IMPLICIT_RETAIN_SELF = YES;
				CLANG_WARN_OBJC_LITERAL_CONVERSION = YES;
				CLANG_WARN_OBJC_ROOT_CLASS = YES_ERROR;
				CLANG_WARN_QUOTED_INCLUDE_IN_FRAMEWORK_HEADER = YES;
				CLANG_WARN_RANGE_LOOP_ANALYSIS = YES;
				CLANG_WARN_STRICT_PROTOTYPES = YES;
				CLANG_WARN_SUSPICIOUS_MOVE = YES;
				CLANG_WARN_UNGUARDED_AVAILABILITY = YES_AGGRESSIVE;
				CLANG_WARN_UNREACHABLE_CODE = YES;
				CLANG_WARN__DUPLICATE_METHOD_MATCH = YES;
				COPY_PHASE_STRIP = NO;
				DEBUG_INFORMATION_FORMAT = dwarf;
				ENABLE_STRICT_OBJC_MSGSEND = YES;
				ENABLE_TESTABILITY = YES;
				GCC_C_LANGUAGE_STANDARD = gnu11;
				GCC_DYNAMIC_NO_PIC = NO;
				GCC_NO_COMMON_BLOCKS = YES;
				GCC_OPTIMIZATION_LEVEL = 0;
				GCC_PREPROCESSOR_DEFINITIONS = (
					"DEBUG=1",
					"$(inherited)",
				);
				GCC_WARN_64_TO_32_BIT_CONVERSION = YES;
				GCC_WARN_ABOUT_RETURN_TYPE = YES_ERROR;
				GCC_WARN_UNDECLARED_SELECTOR = YES;
				GCC_WARN_UNINITIALIZED_AUTOS = YES_AGGRESSIVE;
				GCC_WARN_UNUSED_FUNCTION = YES;
				GCC_WARN_UNUSED_VARIABLE = YES;
				MTL_ENABLE_DEBUG_INFO = INCLUDE_SOURCE;
				MTL_FAST_MATH = YES;
				ONLY_ACTIVE_ARCH = YES;
				SWIFT_ACTIVE_COMPILATION_CONDITIONS = DEBUG;
				SWIFT_OPTIMIZATION_LEVEL = "-Onone";
			};
			name = Debug;
		};
		CBB83C1026FE7FB500853C9E /* Release */ = {
			isa = XCBuildConfiguration;
			buildSettings = {
				ALWAYS_SEARCH_USER_PATHS = NO;
				CLANG_ANALYZER_NONNULL = YES;
				CLANG_ANALYZER_NUMBER_OBJECT_CONVERSION = YES_AGGRESSIVE;
				CLANG_CXX_LANGUAGE_STANDARD = "gnu++14";
				CLANG_CXX_LIBRARY = "libc++";
				CLANG_ENABLE_MODULES = YES;
				CLANG_ENABLE_OBJC_ARC = YES;
				CLANG_ENABLE_OBJC_WEAK = YES;
				CLANG_WARN_BLOCK_CAPTURE_AUTORELEASING = YES;
				CLANG_WARN_BOOL_CONVERSION = YES;
				CLANG_WARN_COMMA = YES;
				CLANG_WARN_CONSTANT_CONVERSION = YES;
				CLANG_WARN_DEPRECATED_OBJC_IMPLEMENTATIONS = YES;
				CLANG_WARN_DIRECT_OBJC_ISA_USAGE = YES_ERROR;
				CLANG_WARN_DOCUMENTATION_COMMENTS = YES;
				CLANG_WARN_EMPTY_BODY = YES;
				CLANG_WARN_ENUM_CONVERSION = YES;
				CLANG_WARN_INFINITE_RECURSION = YES;
				CLANG_WARN_INT_CONVERSION = YES;
				CLANG_WARN_NON_LITERAL_NULL_CONVERSION = YES;
				CLANG_WARN_OBJC_IMPLICIT_RETAIN_SELF = YES;
				CLANG_WARN_OBJC_LITERAL_CONVERSION = YES;
				CLANG_WARN_OBJC_ROOT_CLASS = YES_ERROR;
				CLANG_WARN_QUOTED_INCLUDE_IN_FRAMEWORK_HEADER = YES;
				CLANG_WARN_RANGE_LOOP_ANALYSIS = YES;
				CLANG_WARN_STRICT_PROTOTYPES = YES;
				CLANG_WARN_SUSPICIOUS_MOVE = YES;
				CLANG_WARN_UNGUARDED_AVAILABILITY = YES_AGGRESSIVE;
				CLANG_WARN_UNREACHABLE_CODE = YES;
				CLANG_WARN__DUPLICATE_METHOD_MATCH = YES;
				COPY_PHASE_STRIP = NO;
				DEBUG_INFORMATION_FORMAT = "dwarf-with-dsym";
				ENABLE_NS_ASSERTIONS = NO;
				ENABLE_STRICT_OBJC_MSGSEND = YES;
				GCC_C_LANGUAGE_STANDARD = gnu11;
				GCC_NO_COMMON_BLOCKS = YES;
				GCC_WARN_64_TO_32_BIT_CONVERSION = YES;
				GCC_WARN_ABOUT_RETURN_TYPE = YES_ERROR;
				GCC_WARN_UNDECLARED_SELECTOR = YES;
				GCC_WARN_UNINITIALIZED_AUTOS = YES_AGGRESSIVE;
				GCC_WARN_UNUSED_FUNCTION = YES;
				GCC_WARN_UNUSED_VARIABLE = YES;
				MTL_ENABLE_DEBUG_INFO = NO;
				MTL_FAST_MATH = YES;
				SWIFT_COMPILATION_MODE = wholemodule;
				SWIFT_OPTIMIZATION_LEVEL = "-O";
			};
			name = Release;
		};
		CBB83C1226FE7FB500853C9E /* Debug */ = {
			isa = XCBuildConfiguration;
			buildSettings = {
				ASSETCATALOG_COMPILER_APPICON_NAME = AppIcon;
				ASSETCATALOG_COMPILER_GLOBAL_ACCENT_COLOR_NAME = AccentColor;
				CODE_SIGN_STYLE = Automatic;
				ENABLE_PREVIEWS = YES;
				INFOPLIST_FILE = iOS/Info.plist;
				IPHONEOS_DEPLOYMENT_TARGET = 14.0;
				LD_RUNPATH_SEARCH_PATHS = (
					"$(inherited)",
					"@executable_path/Frameworks",
				);
				PRODUCT_BUNDLE_IDENTIFIER = Dartmouth.Landmarks;
				PRODUCT_NAME = Landmarks;
				SDKROOT = iphoneos;
				SWIFT_VERSION = 5.0;
				TARGETED_DEVICE_FAMILY = "1,2";
			};
			name = Debug;
		};
		CBB83C1326FE7FB500853C9E /* Release */ = {
			isa = XCBuildConfiguration;
			buildSettings = {
				ASSETCATALOG_COMPILER_APPICON_NAME = AppIcon;
				ASSETCATALOG_COMPILER_GLOBAL_ACCENT_COLOR_NAME = AccentColor;
				CODE_SIGN_STYLE = Automatic;
				ENABLE_PREVIEWS = YES;
				INFOPLIST_FILE = iOS/Info.plist;
				IPHONEOS_DEPLOYMENT_TARGET = 14.0;
				LD_RUNPATH_SEARCH_PATHS = (
					"$(inherited)",
					"@executable_path/Frameworks",
				);
				PRODUCT_BUNDLE_IDENTIFIER = Dartmouth.Landmarks;
				PRODUCT_NAME = Landmarks;
				SDKROOT = iphoneos;
				SWIFT_VERSION = 5.0;
				TARGETED_DEVICE_FAMILY = "1,2";
				VALIDATE_PRODUCT = YES;
			};
			name = Release;
		};
		CBB83C1526FE7FB500853C9E /* Debug */ = {
			isa = XCBuildConfiguration;
			buildSettings = {
				ASSETCATALOG_COMPILER_APPICON_NAME = AppIcon;
				ASSETCATALOG_COMPILER_GLOBAL_ACCENT_COLOR_NAME = AccentColor;
				CODE_SIGN_ENTITLEMENTS = macOS/macOS.entitlements;
				CODE_SIGN_STYLE = Automatic;
				COMBINE_HIDPI_IMAGES = YES;
				ENABLE_PREVIEWS = YES;
				INFOPLIST_FILE = macOS/Info.plist;
				LD_RUNPATH_SEARCH_PATHS = (
					"$(inherited)",
					"@executable_path/../Frameworks",
				);
				MACOSX_DEPLOYMENT_TARGET = 11.0;
				PRODUCT_BUNDLE_IDENTIFIER = Dartmouth.Landmarks;
				PRODUCT_NAME = Landmarks;
				SDKROOT = macosx;
				SWIFT_VERSION = 5.0;
			};
			name = Debug;
		};
		CBB83C1626FE7FB500853C9E /* Release */ = {
			isa = XCBuildConfiguration;
			buildSettings = {
				ASSETCATALOG_COMPILER_APPICON_NAME = AppIcon;
				ASSETCATALOG_COMPILER_GLOBAL_ACCENT_COLOR_NAME = AccentColor;
				CODE_SIGN_ENTITLEMENTS = macOS/macOS.entitlements;
				CODE_SIGN_STYLE = Automatic;
				COMBINE_HIDPI_IMAGES = YES;
				ENABLE_PREVIEWS = YES;
				INFOPLIST_FILE = macOS/Info.plist;
				LD_RUNPATH_SEARCH_PATHS = (
					"$(inherited)",
					"@executable_path/../Frameworks",
				);
				MACOSX_DEPLOYMENT_TARGET = 11.0;
				PRODUCT_BUNDLE_IDENTIFIER = Dartmouth.Landmarks;
				PRODUCT_NAME = Landmarks;
				SDKROOT = macosx;
				SWIFT_VERSION = 5.0;
			};
			name = Release;
		};
		CBB83C1826FE7FB500853C9E /* Debug */ = {
			isa = XCBuildConfiguration;
			buildSettings = {
				ALWAYS_EMBED_SWIFT_STANDARD_LIBRARIES = YES;
				CODE_SIGN_STYLE = Automatic;
				INFOPLIST_FILE = "Tests iOS/Info.plist";
				IPHONEOS_DEPLOYMENT_TARGET = 14.5;
				LD_RUNPATH_SEARCH_PATHS = (
					"$(inherited)",
					"@executable_path/Frameworks",
					"@loader_path/Frameworks",
				);
				PRODUCT_BUNDLE_IDENTIFIER = "Dartmouth.Tests-iOS";
				PRODUCT_NAME = "$(TARGET_NAME)";
				SDKROOT = iphoneos;
				SWIFT_VERSION = 5.0;
				TARGETED_DEVICE_FAMILY = "1,2";
				TEST_TARGET_NAME = "Landmarks (iOS)";
			};
			name = Debug;
		};
		CBB83C1926FE7FB500853C9E /* Release */ = {
			isa = XCBuildConfiguration;
			buildSettings = {
				ALWAYS_EMBED_SWIFT_STANDARD_LIBRARIES = YES;
				CODE_SIGN_STYLE = Automatic;
				INFOPLIST_FILE = "Tests iOS/Info.plist";
				IPHONEOS_DEPLOYMENT_TARGET = 14.5;
				LD_RUNPATH_SEARCH_PATHS = (
					"$(inherited)",
					"@executable_path/Frameworks",
					"@loader_path/Frameworks",
				);
				PRODUCT_BUNDLE_IDENTIFIER = "Dartmouth.Tests-iOS";
				PRODUCT_NAME = "$(TARGET_NAME)";
				SDKROOT = iphoneos;
				SWIFT_VERSION = 5.0;
				TARGETED_DEVICE_FAMILY = "1,2";
				TEST_TARGET_NAME = "Landmarks (iOS)";
				VALIDATE_PRODUCT = YES;
			};
			name = Release;
		};
		CBB83C1B26FE7FB500853C9E /* Debug */ = {
			isa = XCBuildConfiguration;
			buildSettings = {
				ALWAYS_EMBED_SWIFT_STANDARD_LIBRARIES = YES;
				CODE_SIGN_STYLE = Automatic;
				COMBINE_HIDPI_IMAGES = YES;
				INFOPLIST_FILE = "Tests macOS/Info.plist";
				LD_RUNPATH_SEARCH_PATHS = (
					"$(inherited)",
					"@executable_path/../Frameworks",
					"@loader_path/../Frameworks",
				);
				MACOSX_DEPLOYMENT_TARGET = 11.2;
				PRODUCT_BUNDLE_IDENTIFIER = "Dartmouth.Tests-macOS";
				PRODUCT_NAME = "$(TARGET_NAME)";
				SDKROOT = macosx;
				SWIFT_VERSION = 5.0;
				TEST_TARGET_NAME = "Landmarks (macOS)";
			};
			name = Debug;
		};
		CBB83C1C26FE7FB500853C9E /* Release */ = {
			isa = XCBuildConfiguration;
			buildSettings = {
				ALWAYS_EMBED_SWIFT_STANDARD_LIBRARIES = YES;
				CODE_SIGN_STYLE = Automatic;
				COMBINE_HIDPI_IMAGES = YES;
				INFOPLIST_FILE = "Tests macOS/Info.plist";
				LD_RUNPATH_SEARCH_PATHS = (
					"$(inherited)",
					"@executable_path/../Frameworks",
					"@loader_path/../Frameworks",
				);
				MACOSX_DEPLOYMENT_TARGET = 11.2;
				PRODUCT_BUNDLE_IDENTIFIER = "Dartmouth.Tests-macOS";
				PRODUCT_NAME = "$(TARGET_NAME)";
				SDKROOT = macosx;
				SWIFT_VERSION = 5.0;
				TEST_TARGET_NAME = "Landmarks (macOS)";
			};
			name = Release;
		};
		CBB83CD72700F4CF00853C9E /* Debug */ = {
			isa = XCBuildConfiguration;
			buildSettings = {
				ASSETCATALOG_COMPILER_COMPLICATION_NAME = Complication;
				CODE_SIGN_STYLE = Automatic;
				DEVELOPMENT_ASSET_PATHS = "\"WatchLandmarks Extension/Preview Content\"";
				ENABLE_PREVIEWS = YES;
				INFOPLIST_FILE = "WatchLandmarks Extension/Info.plist";
				LD_RUNPATH_SEARCH_PATHS = (
					"$(inherited)",
					"@executable_path/Frameworks",
					"@executable_path/../../Frameworks",
				);
				PRODUCT_BUNDLE_IDENTIFIER = Dartmouth.Landmarks.watchkitapp.watchkitextension;
				PRODUCT_NAME = "${TARGET_NAME}";
				SDKROOT = watchos;
				SKIP_INSTALL = YES;
				SWIFT_VERSION = 5.0;
				TARGETED_DEVICE_FAMILY = 4;
				WATCHOS_DEPLOYMENT_TARGET = 7.4;
			};
			name = Debug;
		};
		CBB83CD82700F4CF00853C9E /* Release */ = {
			isa = XCBuildConfiguration;
			buildSettings = {
				ASSETCATALOG_COMPILER_COMPLICATION_NAME = Complication;
				CODE_SIGN_STYLE = Automatic;
				DEVELOPMENT_ASSET_PATHS = "\"WatchLandmarks Extension/Preview Content\"";
				ENABLE_PREVIEWS = YES;
				INFOPLIST_FILE = "WatchLandmarks Extension/Info.plist";
				LD_RUNPATH_SEARCH_PATHS = (
					"$(inherited)",
					"@executable_path/Frameworks",
					"@executable_path/../../Frameworks",
				);
				PRODUCT_BUNDLE_IDENTIFIER = Dartmouth.Landmarks.watchkitapp.watchkitextension;
				PRODUCT_NAME = "${TARGET_NAME}";
				SDKROOT = watchos;
				SKIP_INSTALL = YES;
				SWIFT_VERSION = 5.0;
				TARGETED_DEVICE_FAMILY = 4;
				VALIDATE_PRODUCT = YES;
				WATCHOS_DEPLOYMENT_TARGET = 7.4;
			};
			name = Release;
		};
		CBB83CDB2700F4CF00853C9E /* Debug */ = {
			isa = XCBuildConfiguration;
			buildSettings = {
				ALWAYS_EMBED_SWIFT_STANDARD_LIBRARIES = YES;
				ASSETCATALOG_COMPILER_APPICON_NAME = AppIcon;
				ASSETCATALOG_COMPILER_GLOBAL_ACCENT_COLOR_NAME = AccentColor;
				CODE_SIGN_STYLE = Automatic;
				IBSC_MODULE = WatchLandmarks_Extension;
				INFOPLIST_FILE = WatchLandmarks/Info.plist;
				PRODUCT_BUNDLE_IDENTIFIER = Dartmouth.Landmarks.watchkitapp;
				PRODUCT_NAME = "$(TARGET_NAME)";
				SDKROOT = watchos;
				SKIP_INSTALL = YES;
				SWIFT_VERSION = 5.0;
				TARGETED_DEVICE_FAMILY = 4;
				WATCHOS_DEPLOYMENT_TARGET = 7.4;
			};
			name = Debug;
		};
		CBB83CDC2700F4CF00853C9E /* Release */ = {
			isa = XCBuildConfiguration;
			buildSettings = {
				ALWAYS_EMBED_SWIFT_STANDARD_LIBRARIES = YES;
				ASSETCATALOG_COMPILER_APPICON_NAME = AppIcon;
				ASSETCATALOG_COMPILER_GLOBAL_ACCENT_COLOR_NAME = AccentColor;
				CODE_SIGN_STYLE = Automatic;
				IBSC_MODULE = WatchLandmarks_Extension;
				INFOPLIST_FILE = WatchLandmarks/Info.plist;
				PRODUCT_BUNDLE_IDENTIFIER = Dartmouth.Landmarks.watchkitapp;
				PRODUCT_NAME = "$(TARGET_NAME)";
				SDKROOT = watchos;
				SKIP_INSTALL = YES;
				SWIFT_VERSION = 5.0;
				TARGETED_DEVICE_FAMILY = 4;
				VALIDATE_PRODUCT = YES;
				WATCHOS_DEPLOYMENT_TARGET = 7.4;
			};
			name = Release;
		};
		CBB83CDF2700F4CF00853C9E /* Debug */ = {
			isa = XCBuildConfiguration;
			buildSettings = {
				ALWAYS_EMBED_SWIFT_STANDARD_LIBRARIES = YES;
				BUNDLE_LOADER = "$(TEST_HOST)";
				CODE_SIGN_STYLE = Automatic;
				INFOPLIST_FILE = WatchLandmarksTests/Info.plist;
				LD_RUNPATH_SEARCH_PATHS = (
					"$(inherited)",
					"@executable_path/Frameworks",
					"@loader_path/Frameworks",
				);
				PRODUCT_BUNDLE_IDENTIFIER = Dartmouth.Landmarks.WatchLandmarksTests;
				PRODUCT_NAME = "$(TARGET_NAME)";
				SDKROOT = watchos;
				SWIFT_VERSION = 5.0;
				TARGETED_DEVICE_FAMILY = 4;
				TEST_HOST = "$(BUILT_PRODUCTS_DIR)/WatchLandmarks Extension.appex/WatchLandmarks Extension";
				WATCHOS_DEPLOYMENT_TARGET = 7.4;
			};
			name = Debug;
		};
		CBB83CE02700F4CF00853C9E /* Release */ = {
			isa = XCBuildConfiguration;
			buildSettings = {
				ALWAYS_EMBED_SWIFT_STANDARD_LIBRARIES = YES;
				BUNDLE_LOADER = "$(TEST_HOST)";
				CODE_SIGN_STYLE = Automatic;
				INFOPLIST_FILE = WatchLandmarksTests/Info.plist;
				LD_RUNPATH_SEARCH_PATHS = (
					"$(inherited)",
					"@executable_path/Frameworks",
					"@loader_path/Frameworks",
				);
				PRODUCT_BUNDLE_IDENTIFIER = Dartmouth.Landmarks.WatchLandmarksTests;
				PRODUCT_NAME = "$(TARGET_NAME)";
				SDKROOT = watchos;
				SWIFT_VERSION = 5.0;
				TARGETED_DEVICE_FAMILY = 4;
				TEST_HOST = "$(BUILT_PRODUCTS_DIR)/WatchLandmarks Extension.appex/WatchLandmarks Extension";
				VALIDATE_PRODUCT = YES;
				WATCHOS_DEPLOYMENT_TARGET = 7.4;
			};
			name = Release;
		};
		CBB83CE22700F4CF00853C9E /* Debug */ = {
			isa = XCBuildConfiguration;
			buildSettings = {
				CODE_SIGN_STYLE = Automatic;
				INFOPLIST_FILE = WatchLandmarksUITests/Info.plist;
				LD_RUNPATH_SEARCH_PATHS = (
					"$(inherited)",
					"@executable_path/Frameworks",
					"@loader_path/Frameworks",
				);
				PRODUCT_BUNDLE_IDENTIFIER = Dartmouth.Landmarks.WatchLandmarksUITests;
				PRODUCT_NAME = "$(TARGET_NAME)";
				SDKROOT = watchos;
				SWIFT_VERSION = 5.0;
				TARGETED_DEVICE_FAMILY = 4;
				TEST_TARGET_NAME = WatchLandmarks;
				WATCHOS_DEPLOYMENT_TARGET = 7.4;
			};
			name = Debug;
		};
		CBB83CE32700F4CF00853C9E /* Release */ = {
			isa = XCBuildConfiguration;
			buildSettings = {
				CODE_SIGN_STYLE = Automatic;
				INFOPLIST_FILE = WatchLandmarksUITests/Info.plist;
				LD_RUNPATH_SEARCH_PATHS = (
					"$(inherited)",
					"@executable_path/Frameworks",
					"@loader_path/Frameworks",
				);
				PRODUCT_BUNDLE_IDENTIFIER = Dartmouth.Landmarks.WatchLandmarksUITests;
				PRODUCT_NAME = "$(TARGET_NAME)";
				SDKROOT = watchos;
				SWIFT_VERSION = 5.0;
				TARGETED_DEVICE_FAMILY = 4;
				TEST_TARGET_NAME = WatchLandmarks;
				VALIDATE_PRODUCT = YES;
				WATCHOS_DEPLOYMENT_TARGET = 7.4;
			};
			name = Release;
		};
		CBB83D1A2700FC1800853C9E /* Debug */ = {
			isa = XCBuildConfiguration;
			buildSettings = {
				ASSETCATALOG_COMPILER_APPICON_NAME = AppIcon;
				ASSETCATALOG_COMPILER_GLOBAL_ACCENT_COLOR_NAME = AccentColor;
				CODE_SIGN_ENTITLEMENTS = MacLandmarks/MacLandmarks.entitlements;
				CODE_SIGN_STYLE = Automatic;
				COMBINE_HIDPI_IMAGES = YES;
				DEVELOPMENT_ASSET_PATHS = "\"MacLandmarks/Preview Content\"";
				ENABLE_PREVIEWS = YES;
				INFOPLIST_FILE = MacLandmarks/Info.plist;
				LD_RUNPATH_SEARCH_PATHS = (
					"$(inherited)",
					"@executable_path/../Frameworks",
				);
				MACOSX_DEPLOYMENT_TARGET = 11.2;
				PRODUCT_BUNDLE_IDENTIFIER = Dartmouth.MacLandmarks;
				PRODUCT_NAME = "$(TARGET_NAME)";
				SDKROOT = macosx;
				SWIFT_VERSION = 5.0;
			};
			name = Debug;
		};
		CBB83D1B2700FC1800853C9E /* Release */ = {
			isa = XCBuildConfiguration;
			buildSettings = {
				ASSETCATALOG_COMPILER_APPICON_NAME = AppIcon;
				ASSETCATALOG_COMPILER_GLOBAL_ACCENT_COLOR_NAME = AccentColor;
				CODE_SIGN_ENTITLEMENTS = MacLandmarks/MacLandmarks.entitlements;
				CODE_SIGN_STYLE = Automatic;
				COMBINE_HIDPI_IMAGES = YES;
				DEVELOPMENT_ASSET_PATHS = "\"MacLandmarks/Preview Content\"";
				ENABLE_PREVIEWS = YES;
				INFOPLIST_FILE = MacLandmarks/Info.plist;
				LD_RUNPATH_SEARCH_PATHS = (
					"$(inherited)",
					"@executable_path/../Frameworks",
				);
				MACOSX_DEPLOYMENT_TARGET = 11.2;
				PRODUCT_BUNDLE_IDENTIFIER = Dartmouth.MacLandmarks;
				PRODUCT_NAME = "$(TARGET_NAME)";
				SDKROOT = macosx;
				SWIFT_VERSION = 5.0;
			};
			name = Release;
		};
		CBB83D1D2700FC1800853C9E /* Debug */ = {
			isa = XCBuildConfiguration;
			buildSettings = {
				ALWAYS_EMBED_SWIFT_STANDARD_LIBRARIES = YES;
				BUNDLE_LOADER = "$(TEST_HOST)";
				CODE_SIGN_STYLE = Automatic;
				COMBINE_HIDPI_IMAGES = YES;
				INFOPLIST_FILE = MacLandmarksTests/Info.plist;
				LD_RUNPATH_SEARCH_PATHS = (
					"$(inherited)",
					"@executable_path/../Frameworks",
					"@loader_path/../Frameworks",
				);
				MACOSX_DEPLOYMENT_TARGET = 11.2;
				PRODUCT_BUNDLE_IDENTIFIER = Dartmouth.MacLandmarksTests;
				PRODUCT_NAME = "$(TARGET_NAME)";
				SDKROOT = macosx;
				SWIFT_VERSION = 5.0;
				TEST_HOST = "$(BUILT_PRODUCTS_DIR)/MacLandmarks.app/Contents/MacOS/MacLandmarks";
			};
			name = Debug;
		};
		CBB83D1E2700FC1800853C9E /* Release */ = {
			isa = XCBuildConfiguration;
			buildSettings = {
				ALWAYS_EMBED_SWIFT_STANDARD_LIBRARIES = YES;
				BUNDLE_LOADER = "$(TEST_HOST)";
				CODE_SIGN_STYLE = Automatic;
				COMBINE_HIDPI_IMAGES = YES;
				INFOPLIST_FILE = MacLandmarksTests/Info.plist;
				LD_RUNPATH_SEARCH_PATHS = (
					"$(inherited)",
					"@executable_path/../Frameworks",
					"@loader_path/../Frameworks",
				);
				MACOSX_DEPLOYMENT_TARGET = 11.2;
				PRODUCT_BUNDLE_IDENTIFIER = Dartmouth.MacLandmarksTests;
				PRODUCT_NAME = "$(TARGET_NAME)";
				SDKROOT = macosx;
				SWIFT_VERSION = 5.0;
				TEST_HOST = "$(BUILT_PRODUCTS_DIR)/MacLandmarks.app/Contents/MacOS/MacLandmarks";
			};
			name = Release;
		};
		CBB83D202700FC1800853C9E /* Debug */ = {
			isa = XCBuildConfiguration;
			buildSettings = {
				ALWAYS_EMBED_SWIFT_STANDARD_LIBRARIES = YES;
				CODE_SIGN_STYLE = Automatic;
				COMBINE_HIDPI_IMAGES = YES;
				INFOPLIST_FILE = MacLandmarksUITests/Info.plist;
				LD_RUNPATH_SEARCH_PATHS = (
					"$(inherited)",
					"@executable_path/../Frameworks",
					"@loader_path/../Frameworks",
				);
				MACOSX_DEPLOYMENT_TARGET = 11.2;
				PRODUCT_BUNDLE_IDENTIFIER = Dartmouth.MacLandmarksUITests;
				PRODUCT_NAME = "$(TARGET_NAME)";
				SDKROOT = macosx;
				SWIFT_VERSION = 5.0;
				TEST_TARGET_NAME = MacLandmarks;
			};
			name = Debug;
		};
		CBB83D212700FC1800853C9E /* Release */ = {
			isa = XCBuildConfiguration;
			buildSettings = {
				ALWAYS_EMBED_SWIFT_STANDARD_LIBRARIES = YES;
				CODE_SIGN_STYLE = Automatic;
				COMBINE_HIDPI_IMAGES = YES;
				INFOPLIST_FILE = MacLandmarksUITests/Info.plist;
				LD_RUNPATH_SEARCH_PATHS = (
					"$(inherited)",
					"@executable_path/../Frameworks",
					"@loader_path/../Frameworks",
				);
				MACOSX_DEPLOYMENT_TARGET = 11.2;
				PRODUCT_BUNDLE_IDENTIFIER = Dartmouth.MacLandmarksUITests;
				PRODUCT_NAME = "$(TARGET_NAME)";
				SDKROOT = macosx;
				SWIFT_VERSION = 5.0;
				TEST_TARGET_NAME = MacLandmarks;
			};
			name = Release;
		};
/* End XCBuildConfiguration section */

/* Begin XCConfigurationList section */
		CBB83BDE26FE7FB200853C9E /* Build configuration list for PBXProject "Landmarks" */ = {
			isa = XCConfigurationList;
			buildConfigurations = (
				CBB83C0F26FE7FB500853C9E /* Debug */,
				CBB83C1026FE7FB500853C9E /* Release */,
			);
			defaultConfigurationIsVisible = 0;
			defaultConfigurationName = Release;
		};
		CBB83C1126FE7FB500853C9E /* Build configuration list for PBXNativeTarget "Landmarks (iOS)" */ = {
			isa = XCConfigurationList;
			buildConfigurations = (
				CBB83C1226FE7FB500853C9E /* Debug */,
				CBB83C1326FE7FB500853C9E /* Release */,
			);
			defaultConfigurationIsVisible = 0;
			defaultConfigurationName = Release;
		};
		CBB83C1426FE7FB500853C9E /* Build configuration list for PBXNativeTarget "Landmarks (macOS)" */ = {
			isa = XCConfigurationList;
			buildConfigurations = (
				CBB83C1526FE7FB500853C9E /* Debug */,
				CBB83C1626FE7FB500853C9E /* Release */,
			);
			defaultConfigurationIsVisible = 0;
			defaultConfigurationName = Release;
		};
		CBB83C1726FE7FB500853C9E /* Build configuration list for PBXNativeTarget "Tests iOS" */ = {
			isa = XCConfigurationList;
			buildConfigurations = (
				CBB83C1826FE7FB500853C9E /* Debug */,
				CBB83C1926FE7FB500853C9E /* Release */,
			);
			defaultConfigurationIsVisible = 0;
			defaultConfigurationName = Release;
		};
		CBB83C1A26FE7FB500853C9E /* Build configuration list for PBXNativeTarget "Tests macOS" */ = {
			isa = XCConfigurationList;
			buildConfigurations = (
				CBB83C1B26FE7FB500853C9E /* Debug */,
				CBB83C1C26FE7FB500853C9E /* Release */,
			);
			defaultConfigurationIsVisible = 0;
			defaultConfigurationName = Release;
		};
		CBB83CD62700F4CF00853C9E /* Build configuration list for PBXNativeTarget "WatchLandmarks Extension" */ = {
			isa = XCConfigurationList;
			buildConfigurations = (
				CBB83CD72700F4CF00853C9E /* Debug */,
				CBB83CD82700F4CF00853C9E /* Release */,
			);
			defaultConfigurationIsVisible = 0;
			defaultConfigurationName = Release;
		};
		CBB83CDA2700F4CF00853C9E /* Build configuration list for PBXNativeTarget "WatchLandmarks" */ = {
			isa = XCConfigurationList;
			buildConfigurations = (
				CBB83CDB2700F4CF00853C9E /* Debug */,
				CBB83CDC2700F4CF00853C9E /* Release */,
			);
			defaultConfigurationIsVisible = 0;
			defaultConfigurationName = Release;
		};
		CBB83CDE2700F4CF00853C9E /* Build configuration list for PBXNativeTarget "WatchLandmarksTests" */ = {
			isa = XCConfigurationList;
			buildConfigurations = (
				CBB83CDF2700F4CF00853C9E /* Debug */,
				CBB83CE02700F4CF00853C9E /* Release */,
			);
			defaultConfigurationIsVisible = 0;
			defaultConfigurationName = Release;
		};
		CBB83CE12700F4CF00853C9E /* Build configuration list for PBXNativeTarget "WatchLandmarksUITests" */ = {
			isa = XCConfigurationList;
			buildConfigurations = (
				CBB83CE22700F4CF00853C9E /* Debug */,
				CBB83CE32700F4CF00853C9E /* Release */,
			);
			defaultConfigurationIsVisible = 0;
			defaultConfigurationName = Release;
		};
		CBB83D192700FC1800853C9E /* Build configuration list for PBXNativeTarget "MacLandmarks" */ = {
			isa = XCConfigurationList;
			buildConfigurations = (
				CBB83D1A2700FC1800853C9E /* Debug */,
				CBB83D1B2700FC1800853C9E /* Release */,
			);
			defaultConfigurationIsVisible = 0;
			defaultConfigurationName = Release;
		};
		CBB83D1C2700FC1800853C9E /* Build configuration list for PBXNativeTarget "MacLandmarksTests" */ = {
			isa = XCConfigurationList;
			buildConfigurations = (
				CBB83D1D2700FC1800853C9E /* Debug */,
				CBB83D1E2700FC1800853C9E /* Release */,
			);
			defaultConfigurationIsVisible = 0;
			defaultConfigurationName = Release;
		};
		CBB83D1F2700FC1800853C9E /* Build configuration list for PBXNativeTarget "MacLandmarksUITests" */ = {
			isa = XCConfigurationList;
			buildConfigurations = (
				CBB83D202700FC1800853C9E /* Debug */,
				CBB83D212700FC1800853C9E /* Release */,
			);
			defaultConfigurationIsVisible = 0;
			defaultConfigurationName = Release;
		};
/* End XCConfigurationList section */
	};
	rootObject = CBB83BDB26FE7FB200853C9E /* Project object */;
}
